// !$*UTF8*$!
{
	archiveVersion = 1;
	classes = {
	};
	objectVersion = 56;
	objects = {

/* Begin PBXBuildFile section */
		581FFC5629D81B8100C81646 /* PageViewController.swift in Sources */ = {isa = PBXBuildFile; fileRef = 581FFC5529D81B8100C81646 /* PageViewController.swift */; };
		581FFC5E29D81C5E00C81646 /* FeatureCard.swift in Sources */ = {isa = PBXBuildFile; fileRef = 581FFC5D29D81C5E00C81646 /* FeatureCard.swift */; };
		581FFC6029D81C8700C81646 /* PageView.swift in Sources */ = {isa = PBXBuildFile; fileRef = 581FFC5F29D81C8700C81646 /* PageView.swift */; };
		581FFC6229D81DF400C81646 /* PageControl.swift in Sources */ = {isa = PBXBuildFile; fileRef = 581FFC6129D81DF400C81646 /* PageControl.swift */; };
		581FFD7029D82B1400C81646 /* WatchLandmarks Watch App.app in Embed Watch Content */ = {isa = PBXBuildFile; fileRef = 581FFD6F29D82B1400C81646 /* WatchLandmarks Watch App.app */; settings = {ATTRIBUTES = (RemoveHeadersOnCopy, ); }; };
		581FFD7729D82B1400C81646 /* ContentView.swift in Sources */ = {isa = PBXBuildFile; fileRef = 581FFD7629D82B1400C81646 /* ContentView.swift */; };
		581FFD7929D82B1500C81646 /* Assets.xcassets in Resources */ = {isa = PBXBuildFile; fileRef = 581FFD7829D82B1500C81646 /* Assets.xcassets */; };
		581FFD7C29D82B1500C81646 /* Preview Assets.xcassets in Resources */ = {isa = PBXBuildFile; fileRef = 581FFD7B29D82B1500C81646 /* Preview Assets.xcassets */; };
		581FFD8629D82B1500C81646 /* WatchLandmarks_Watch_AppTests.swift in Sources */ = {isa = PBXBuildFile; fileRef = 581FFD8529D82B1500C81646 /* WatchLandmarks_Watch_AppTests.swift */; };
		581FFD9029D82B1500C81646 /* WatchLandmarks_Watch_AppUITests.swift in Sources */ = {isa = PBXBuildFile; fileRef = 581FFD8F29D82B1500C81646 /* WatchLandmarks_Watch_AppUITests.swift */; };
		581FFD9229D82B1500C81646 /* WatchLandmarks_Watch_AppUITestsLaunchTests.swift in Sources */ = {isa = PBXBuildFile; fileRef = 581FFD9129D82B1500C81646 /* WatchLandmarks_Watch_AppUITestsLaunchTests.swift */; };
		581FFDA129D82B4500C81646 /* LandmarkDetail.swift in Sources */ = {isa = PBXBuildFile; fileRef = 581FFDA029D82B4500C81646 /* LandmarkDetail.swift */; };
		581FFDA229D82B6F00C81646 /* Hike.swift in Sources */ = {isa = PBXBuildFile; fileRef = 5852594229D701BA0019E022 /* Hike.swift */; };
		581FFDA329D82B6F00C81646 /* Landmark.swift in Sources */ = {isa = PBXBuildFile; fileRef = 58573C3029D5AB5700F5A103 /* Landmark.swift */; };
		581FFDA429D82B6F00C81646 /* ModelData.swift in Sources */ = {isa = PBXBuildFile; fileRef = 58573C3429D5AC3B00F5A103 /* ModelData.swift */; };
		581FFDA529D82B6F00C81646 /* Profile.swift in Sources */ = {isa = PBXBuildFile; fileRef = 5852595429D72F700019E022 /* Profile.swift */; };
		581FFDA629D82B8000C81646 /* CircleImage.swift in Sources */ = {isa = PBXBuildFile; fileRef = 58573C2A29D580FC00F5A103 /* CircleImage.swift */; };
		581FFDA729D82B8000C81646 /* FavoriteButton.swift in Sources */ = {isa = PBXBuildFile; fileRef = 58B69A3529D6F6AE00D4DB71 /* FavoriteButton.swift */; };
		581FFDA829D82B8000C81646 /* MapView.swift in Sources */ = {isa = PBXBuildFile; fileRef = 58573C2C29D581C900F5A103 /* MapView.swift */; };
		581FFDAB29D82BC800C81646 /* WatchLandmarksApp.swift in Sources */ = {isa = PBXBuildFile; fileRef = 581FFDAA29D82BC800C81646 /* WatchLandmarksApp.swift */; };
		581FFDAC29D82C2F00C81646 /* landmarkData.json in Resources */ = {isa = PBXBuildFile; fileRef = 58573C2E29D5AB1F00F5A103 /* landmarkData.json */; };
		581FFDAD29D82C2F00C81646 /* hikeData.json in Resources */ = {isa = PBXBuildFile; fileRef = 5852594029D701A90019E022 /* hikeData.json */; };
		581FFDAE29D82C4200C81646 /* Assets.xcassets in Resources */ = {isa = PBXBuildFile; fileRef = 58573BFE29D5790A00F5A103 /* Assets.xcassets */; };
		581FFDAF29D82C5900C81646 /* landmarksApp.swift in Sources */ = {isa = PBXBuildFile; fileRef = 58573BFA29D5790900F5A103 /* landmarksApp.swift */; };
		581FFDB029D82CF100C81646 /* LandmarkRow.swift in Sources */ = {isa = PBXBuildFile; fileRef = 58573C3929D5ADC600F5A103 /* LandmarkRow.swift */; };
		581FFDB429D82E9600C81646 /* NotificationView.swift in Sources */ = {isa = PBXBuildFile; fileRef = 581FFDB329D82E9600C81646 /* NotificationView.swift */; };
		581FFDB629D82EC100C81646 /* NotificationController.swift in Sources */ = {isa = PBXBuildFile; fileRef = 581FFDB529D82EC100C81646 /* NotificationController.swift */; };
		581FFDB829D82F3100C81646 /* PushNotificationPayload.apns in Resources */ = {isa = PBXBuildFile; fileRef = 581FFDB729D82F3100C81646 /* PushNotificationPayload.apns */; };
		581FFDC029D8321600C81646 /* MacLandmarksApp.swift in Sources */ = {isa = PBXBuildFile; fileRef = 581FFDBF29D8321600C81646 /* MacLandmarksApp.swift */; };
		581FFDC229D8321600C81646 /* ContentView.swift in Sources */ = {isa = PBXBuildFile; fileRef = 581FFDC129D8321600C81646 /* ContentView.swift */; };
		581FFDC429D8321700C81646 /* Assets.xcassets in Resources */ = {isa = PBXBuildFile; fileRef = 581FFDC329D8321700C81646 /* Assets.xcassets */; };
		581FFDC729D8321700C81646 /* Preview Assets.xcassets in Resources */ = {isa = PBXBuildFile; fileRef = 581FFDC629D8321700C81646 /* Preview Assets.xcassets */; };
		581FFDD229D8321700C81646 /* MacLandmarksTests.swift in Sources */ = {isa = PBXBuildFile; fileRef = 581FFDD129D8321700C81646 /* MacLandmarksTests.swift */; };
		581FFDDC29D8321700C81646 /* MacLandmarksUITests.swift in Sources */ = {isa = PBXBuildFile; fileRef = 581FFDDB29D8321700C81646 /* MacLandmarksUITests.swift */; };
		581FFDDE29D8321700C81646 /* MacLandmarksUITestsLaunchTests.swift in Sources */ = {isa = PBXBuildFile; fileRef = 581FFDDD29D8321700C81646 /* MacLandmarksUITestsLaunchTests.swift */; };
		581FFDE829D8327300C81646 /* landmarksApp.swift in Sources */ = {isa = PBXBuildFile; fileRef = 58573BFA29D5790900F5A103 /* landmarksApp.swift */; };
		581FFDE929D8327B00C81646 /* LandmarkList.swift in Sources */ = {isa = PBXBuildFile; fileRef = 58573C3B29D5B00200F5A103 /* LandmarkList.swift */; };
		581FFDEA29D8328200C81646 /* LandmarkRow.swift in Sources */ = {isa = PBXBuildFile; fileRef = 58573C3929D5ADC600F5A103 /* LandmarkRow.swift */; };
		581FFDEB29D8328D00C81646 /* MapView.swift in Sources */ = {isa = PBXBuildFile; fileRef = 58573C2C29D581C900F5A103 /* MapView.swift */; };
		581FFDEC29D8328D00C81646 /* CircleImage.swift in Sources */ = {isa = PBXBuildFile; fileRef = 58573C2A29D580FC00F5A103 /* CircleImage.swift */; };
		581FFDED29D8328D00C81646 /* FavoriteButton.swift in Sources */ = {isa = PBXBuildFile; fileRef = 58B69A3529D6F6AE00D4DB71 /* FavoriteButton.swift */; };
		581FFDEE29D832AB00C81646 /* Profile.swift in Sources */ = {isa = PBXBuildFile; fileRef = 5852595429D72F700019E022 /* Profile.swift */; };
		581FFDEF29D832AB00C81646 /* Hike.swift in Sources */ = {isa = PBXBuildFile; fileRef = 5852594229D701BA0019E022 /* Hike.swift */; };
		581FFDF029D832AB00C81646 /* Landmark.swift in Sources */ = {isa = PBXBuildFile; fileRef = 58573C3029D5AB5700F5A103 /* Landmark.swift */; };
		581FFDF129D832AB00C81646 /* hikeData.json in Resources */ = {isa = PBXBuildFile; fileRef = 5852594029D701A90019E022 /* hikeData.json */; };
		581FFDF229D832AB00C81646 /* ModelData.swift in Sources */ = {isa = PBXBuildFile; fileRef = 58573C3429D5AC3B00F5A103 /* ModelData.swift */; };
		581FFDF329D832AB00C81646 /* landmarkData.json in Resources */ = {isa = PBXBuildFile; fileRef = 58573C2E29D5AB1F00F5A103 /* landmarkData.json */; };
		581FFDF529D8331900C81646 /* LandmarkDetail.swift in Sources */ = {isa = PBXBuildFile; fileRef = 581FFDF429D8331900C81646 /* LandmarkDetail.swift */; };
		581FFDF629D833BB00C81646 /* Assets.xcassets in Resources */ = {isa = PBXBuildFile; fileRef = 58573BFE29D5790A00F5A103 /* Assets.xcassets */; };
		581FFDF829D8340700C81646 /* LandmarkList.swift in Sources */ = {isa = PBXBuildFile; fileRef = 581FFDF729D8340700C81646 /* LandmarkList.swift */; };
		581FFDF929D834D100C81646 /* LandmarkList.swift in Sources */ = {isa = PBXBuildFile; fileRef = 58573C3B29D5B00200F5A103 /* LandmarkList.swift */; };
		581FFDFE29D8372B00C81646 /* LandmarkCommands.swift in Sources */ = {isa = PBXBuildFile; fileRef = 581FFDFD29D8372B00C81646 /* LandmarkCommands.swift */; };
		581FFDFF29D8372B00C81646 /* LandmarkCommands.swift in Sources */ = {isa = PBXBuildFile; fileRef = 581FFDFD29D8372B00C81646 /* LandmarkCommands.swift */; };
		581FFE0129D8393300C81646 /* LandmarkSettings.swift in Sources */ = {isa = PBXBuildFile; fileRef = 581FFE0029D8393300C81646 /* LandmarkSettings.swift */; };
		5852593529D6FF490019E022 /* BadgeBackground.swift in Sources */ = {isa = PBXBuildFile; fileRef = 5852593429D6FF490019E022 /* BadgeBackground.swift */; };
		5852593729D6FF630019E022 /* HexagonParameters.swift in Sources */ = {isa = PBXBuildFile; fileRef = 5852593629D6FF630019E022 /* HexagonParameters.swift */; };
		5852593929D6FF910019E022 /* BadgeSymbol.swift in Sources */ = {isa = PBXBuildFile; fileRef = 5852593829D6FF900019E022 /* BadgeSymbol.swift */; };
		5852593B29D6FFFA0019E022 /* RotatedBadgeSymbol.swift in Sources */ = {isa = PBXBuildFile; fileRef = 5852593A29D6FFFA0019E022 /* RotatedBadgeSymbol.swift */; };
		5852593D29D700280019E022 /* Badge.swift in Sources */ = {isa = PBXBuildFile; fileRef = 5852593C29D700280019E022 /* Badge.swift */; };
		5852594129D701A90019E022 /* hikeData.json in Resources */ = {isa = PBXBuildFile; fileRef = 5852594029D701A90019E022 /* hikeData.json */; };
		5852594329D701BA0019E022 /* Hike.swift in Sources */ = {isa = PBXBuildFile; fileRef = 5852594229D701BA0019E022 /* Hike.swift */; };
		5852594929D7020F0019E022 /* GraphCapsule.swift in Sources */ = {isa = PBXBuildFile; fileRef = 5852594529D7020E0019E022 /* GraphCapsule.swift */; };
		5852594A29D7020F0019E022 /* HikeGraph.swift in Sources */ = {isa = PBXBuildFile; fileRef = 5852594629D7020E0019E022 /* HikeGraph.swift */; };
		5852594B29D7020F0019E022 /* HikeDetail.swift in Sources */ = {isa = PBXBuildFile; fileRef = 5852594729D7020E0019E022 /* HikeDetail.swift */; };
		5852594C29D7020F0019E022 /* HikeView.swift in Sources */ = {isa = PBXBuildFile; fileRef = 5852594829D7020E0019E022 /* HikeView.swift */; };
		5852594F29D719010019E022 /* CategoryHome.swift in Sources */ = {isa = PBXBuildFile; fileRef = 5852594E29D719010019E022 /* CategoryHome.swift */; };
		5852595129D72CCF0019E022 /* CategoryRow.swift in Sources */ = {isa = PBXBuildFile; fileRef = 5852595029D72CCF0019E022 /* CategoryRow.swift */; };
		5852595329D72D010019E022 /* CategoryItem.swift in Sources */ = {isa = PBXBuildFile; fileRef = 5852595229D72D010019E022 /* CategoryItem.swift */; };
		5852595529D72F700019E022 /* Profile.swift in Sources */ = {isa = PBXBuildFile; fileRef = 5852595429D72F700019E022 /* Profile.swift */; };
		5852595829D72F9B0019E022 /* ProfileHost.swift in Sources */ = {isa = PBXBuildFile; fileRef = 5852595729D72F9B0019E022 /* ProfileHost.swift */; };
		5852595A29D72FC20019E022 /* ProfileSummary.swift in Sources */ = {isa = PBXBuildFile; fileRef = 5852595929D72FC20019E022 /* ProfileSummary.swift */; };
		5852595C29D72FF90019E022 /* HikeBadge.swift in Sources */ = {isa = PBXBuildFile; fileRef = 5852595B29D72FF90019E022 /* HikeBadge.swift */; };
		5852595E29D732290019E022 /* ProfileEditor.swift in Sources */ = {isa = PBXBuildFile; fileRef = 5852595D29D732290019E022 /* ProfileEditor.swift */; };
		58573BFB29D5790900F5A103 /* landmarksApp.swift in Sources */ = {isa = PBXBuildFile; fileRef = 58573BFA29D5790900F5A103 /* landmarksApp.swift */; };
		58573BFD29D5790900F5A103 /* ContentView.swift in Sources */ = {isa = PBXBuildFile; fileRef = 58573BFC29D5790900F5A103 /* ContentView.swift */; };
		58573BFF29D5790A00F5A103 /* Assets.xcassets in Resources */ = {isa = PBXBuildFile; fileRef = 58573BFE29D5790A00F5A103 /* Assets.xcassets */; };
		58573C0229D5790A00F5A103 /* Preview Assets.xcassets in Resources */ = {isa = PBXBuildFile; fileRef = 58573C0129D5790A00F5A103 /* Preview Assets.xcassets */; };
		58573C1229D5790A00F5A103 /* landmarksTests.swift in Sources */ = {isa = PBXBuildFile; fileRef = 58573C1129D5790A00F5A103 /* landmarksTests.swift */; };
		58573C1C29D5790A00F5A103 /* landmarksUITests.swift in Sources */ = {isa = PBXBuildFile; fileRef = 58573C1B29D5790A00F5A103 /* landmarksUITests.swift */; };
		58573C1E29D5790A00F5A103 /* landmarksUITestsLaunchTests.swift in Sources */ = {isa = PBXBuildFile; fileRef = 58573C1D29D5790A00F5A103 /* landmarksUITestsLaunchTests.swift */; };
		58573C2B29D580FC00F5A103 /* CircleImage.swift in Sources */ = {isa = PBXBuildFile; fileRef = 58573C2A29D580FC00F5A103 /* CircleImage.swift */; };
		58573C2D29D581C900F5A103 /* MapView.swift in Sources */ = {isa = PBXBuildFile; fileRef = 58573C2C29D581C900F5A103 /* MapView.swift */; };
		58573C2F29D5AB1F00F5A103 /* landmarkData.json in Resources */ = {isa = PBXBuildFile; fileRef = 58573C2E29D5AB1F00F5A103 /* landmarkData.json */; };
		58573C3129D5AB5700F5A103 /* Landmark.swift in Sources */ = {isa = PBXBuildFile; fileRef = 58573C3029D5AB5700F5A103 /* Landmark.swift */; };
		58573C3529D5AC3B00F5A103 /* ModelData.swift in Sources */ = {isa = PBXBuildFile; fileRef = 58573C3429D5AC3B00F5A103 /* ModelData.swift */; };
		58573C3A29D5ADC600F5A103 /* LandmarkRow.swift in Sources */ = {isa = PBXBuildFile; fileRef = 58573C3929D5ADC600F5A103 /* LandmarkRow.swift */; };
		58573C3C29D5B00200F5A103 /* LandmarkList.swift in Sources */ = {isa = PBXBuildFile; fileRef = 58573C3B29D5B00200F5A103 /* LandmarkList.swift */; };
		58573C3E29D5B0F900F5A103 /* LandmarkDetail.swift in Sources */ = {isa = PBXBuildFile; fileRef = 58573C3D29D5B0F900F5A103 /* LandmarkDetail.swift */; };
		58B69A3629D6F6AE00D4DB71 /* FavoriteButton.swift in Sources */ = {isa = PBXBuildFile; fileRef = 58B69A3529D6F6AE00D4DB71 /* FavoriteButton.swift */; };
/* End PBXBuildFile section */

/* Begin PBXContainerItemProxy section */
		581FFD7129D82B1400C81646 /* PBXContainerItemProxy */ = {
			isa = PBXContainerItemProxy;
			containerPortal = 58573BEF29D5790900F5A103 /* Project object */;
			proxyType = 1;
			remoteGlobalIDString = 581FFD6E29D82B1400C81646;
			remoteInfo = "WatchLandmarks Watch App";
		};
		581FFD8229D82B1500C81646 /* PBXContainerItemProxy */ = {
			isa = PBXContainerItemProxy;
			containerPortal = 58573BEF29D5790900F5A103 /* Project object */;
			proxyType = 1;
			remoteGlobalIDString = 581FFD6E29D82B1400C81646;
			remoteInfo = "WatchLandmarks Watch App";
		};
		581FFD8C29D82B1500C81646 /* PBXContainerItemProxy */ = {
			isa = PBXContainerItemProxy;
			containerPortal = 58573BEF29D5790900F5A103 /* Project object */;
			proxyType = 1;
			remoteGlobalIDString = 581FFD6E29D82B1400C81646;
			remoteInfo = "WatchLandmarks Watch App";
		};
		581FFDCE29D8321700C81646 /* PBXContainerItemProxy */ = {
			isa = PBXContainerItemProxy;
			containerPortal = 58573BEF29D5790900F5A103 /* Project object */;
			proxyType = 1;
			remoteGlobalIDString = 581FFDBC29D8321600C81646;
			remoteInfo = MacLandmarks;
		};
		581FFDD829D8321700C81646 /* PBXContainerItemProxy */ = {
			isa = PBXContainerItemProxy;
			containerPortal = 58573BEF29D5790900F5A103 /* Project object */;
			proxyType = 1;
			remoteGlobalIDString = 581FFDBC29D8321600C81646;
			remoteInfo = MacLandmarks;
		};
		58573C0E29D5790A00F5A103 /* PBXContainerItemProxy */ = {
			isa = PBXContainerItemProxy;
			containerPortal = 58573BEF29D5790900F5A103 /* Project object */;
			proxyType = 1;
			remoteGlobalIDString = 58573BF629D5790900F5A103;
			remoteInfo = aqiapp;
		};
		58573C1829D5790A00F5A103 /* PBXContainerItemProxy */ = {
			isa = PBXContainerItemProxy;
			containerPortal = 58573BEF29D5790900F5A103 /* Project object */;
			proxyType = 1;
			remoteGlobalIDString = 58573BF629D5790900F5A103;
			remoteInfo = aqiapp;
		};
/* End PBXContainerItemProxy section */

/* Begin PBXCopyFilesBuildPhase section */
		581FFD9529D82B1500C81646 /* Embed Watch Content */ = {
			isa = PBXCopyFilesBuildPhase;
			buildActionMask = 2147483647;
			dstPath = "$(CONTENTS_FOLDER_PATH)/Watch";
			dstSubfolderSpec = 16;
			files = (
				581FFD7029D82B1400C81646 /* WatchLandmarks Watch App.app in Embed Watch Content */,
			);
			name = "Embed Watch Content";
			runOnlyForDeploymentPostprocessing = 0;
		};
/* End PBXCopyFilesBuildPhase section */

/* Begin PBXFileReference section */
		581FFC5529D81B8100C81646 /* PageViewController.swift */ = {isa = PBXFileReference; lastKnownFileType = sourcecode.swift; path = PageViewController.swift; sourceTree = "<group>"; };
		581FFC5D29D81C5E00C81646 /* FeatureCard.swift */ = {isa = PBXFileReference; lastKnownFileType = sourcecode.swift; path = FeatureCard.swift; sourceTree = "<group>"; };
		581FFC5F29D81C8700C81646 /* PageView.swift */ = {isa = PBXFileReference; lastKnownFileType = sourcecode.swift; path = PageView.swift; sourceTree = "<group>"; };
		581FFC6129D81DF400C81646 /* PageControl.swift */ = {isa = PBXFileReference; lastKnownFileType = sourcecode.swift; path = PageControl.swift; sourceTree = "<group>"; };
		581FFD6A29D82B1400C81646 /* WatchLandmarks.app */ = {isa = PBXFileReference; explicitFileType = wrapper.application; includeInIndex = 0; path = WatchLandmarks.app; sourceTree = BUILT_PRODUCTS_DIR; };
		581FFD6F29D82B1400C81646 /* WatchLandmarks Watch App.app */ = {isa = PBXFileReference; explicitFileType = wrapper.application; includeInIndex = 0; path = "WatchLandmarks Watch App.app"; sourceTree = BUILT_PRODUCTS_DIR; };
		581FFD7629D82B1400C81646 /* ContentView.swift */ = {isa = PBXFileReference; lastKnownFileType = sourcecode.swift; path = ContentView.swift; sourceTree = "<group>"; };
		581FFD7829D82B1500C81646 /* Assets.xcassets */ = {isa = PBXFileReference; lastKnownFileType = folder.assetcatalog; path = Assets.xcassets; sourceTree = "<group>"; };
		581FFD7B29D82B1500C81646 /* Preview Assets.xcassets */ = {isa = PBXFileReference; lastKnownFileType = folder.assetcatalog; path = "Preview Assets.xcassets"; sourceTree = "<group>"; };
		581FFD8129D82B1500C81646 /* WatchLandmarks Watch AppTests.xctest */ = {isa = PBXFileReference; explicitFileType = wrapper.cfbundle; includeInIndex = 0; path = "WatchLandmarks Watch AppTests.xctest"; sourceTree = BUILT_PRODUCTS_DIR; };
		581FFD8529D82B1500C81646 /* WatchLandmarks_Watch_AppTests.swift */ = {isa = PBXFileReference; lastKnownFileType = sourcecode.swift; path = WatchLandmarks_Watch_AppTests.swift; sourceTree = "<group>"; };
		581FFD8B29D82B1500C81646 /* WatchLandmarks Watch AppUITests.xctest */ = {isa = PBXFileReference; explicitFileType = wrapper.cfbundle; includeInIndex = 0; path = "WatchLandmarks Watch AppUITests.xctest"; sourceTree = BUILT_PRODUCTS_DIR; };
		581FFD8F29D82B1500C81646 /* WatchLandmarks_Watch_AppUITests.swift */ = {isa = PBXFileReference; lastKnownFileType = sourcecode.swift; path = WatchLandmarks_Watch_AppUITests.swift; sourceTree = "<group>"; };
		581FFD9129D82B1500C81646 /* WatchLandmarks_Watch_AppUITestsLaunchTests.swift */ = {isa = PBXFileReference; lastKnownFileType = sourcecode.swift; path = WatchLandmarks_Watch_AppUITestsLaunchTests.swift; sourceTree = "<group>"; };
		581FFDA029D82B4500C81646 /* LandmarkDetail.swift */ = {isa = PBXFileReference; lastKnownFileType = sourcecode.swift; path = LandmarkDetail.swift; sourceTree = "<group>"; };
		581FFDAA29D82BC800C81646 /* WatchLandmarksApp.swift */ = {isa = PBXFileReference; fileEncoding = 4; lastKnownFileType = sourcecode.swift; path = WatchLandmarksApp.swift; sourceTree = "<group>"; };
		581FFDB329D82E9600C81646 /* NotificationView.swift */ = {isa = PBXFileReference; lastKnownFileType = sourcecode.swift; path = NotificationView.swift; sourceTree = "<group>"; };
		581FFDB529D82EC100C81646 /* NotificationController.swift */ = {isa = PBXFileReference; lastKnownFileType = sourcecode.swift; path = NotificationController.swift; sourceTree = "<group>"; };
		581FFDB729D82F3100C81646 /* PushNotificationPayload.apns */ = {isa = PBXFileReference; lastKnownFileType = text; path = PushNotificationPayload.apns; sourceTree = "<group>"; };
		581FFDBD29D8321600C81646 /* MacLandmarks.app */ = {isa = PBXFileReference; explicitFileType = wrapper.application; includeInIndex = 0; path = MacLandmarks.app; sourceTree = BUILT_PRODUCTS_DIR; };
		581FFDBF29D8321600C81646 /* MacLandmarksApp.swift */ = {isa = PBXFileReference; lastKnownFileType = sourcecode.swift; path = MacLandmarksApp.swift; sourceTree = "<group>"; };
		581FFDC129D8321600C81646 /* ContentView.swift */ = {isa = PBXFileReference; lastKnownFileType = sourcecode.swift; path = ContentView.swift; sourceTree = "<group>"; };
		581FFDC329D8321700C81646 /* Assets.xcassets */ = {isa = PBXFileReference; lastKnownFileType = folder.assetcatalog; path = Assets.xcassets; sourceTree = "<group>"; };
		581FFDC629D8321700C81646 /* Preview Assets.xcassets */ = {isa = PBXFileReference; lastKnownFileType = folder.assetcatalog; path = "Preview Assets.xcassets"; sourceTree = "<group>"; };
		581FFDC829D8321700C81646 /* MacLandmarks.entitlements */ = {isa = PBXFileReference; lastKnownFileType = text.plist.entitlements; path = MacLandmarks.entitlements; sourceTree = "<group>"; };
		581FFDCD29D8321700C81646 /* MacLandmarksTests.xctest */ = {isa = PBXFileReference; explicitFileType = wrapper.cfbundle; includeInIndex = 0; path = MacLandmarksTests.xctest; sourceTree = BUILT_PRODUCTS_DIR; };
		581FFDD129D8321700C81646 /* MacLandmarksTests.swift */ = {isa = PBXFileReference; lastKnownFileType = sourcecode.swift; path = MacLandmarksTests.swift; sourceTree = "<group>"; };
		581FFDD729D8321700C81646 /* MacLandmarksUITests.xctest */ = {isa = PBXFileReference; explicitFileType = wrapper.cfbundle; includeInIndex = 0; path = MacLandmarksUITests.xctest; sourceTree = BUILT_PRODUCTS_DIR; };
		581FFDDB29D8321700C81646 /* MacLandmarksUITests.swift */ = {isa = PBXFileReference; lastKnownFileType = sourcecode.swift; path = MacLandmarksUITests.swift; sourceTree = "<group>"; };
		581FFDDD29D8321700C81646 /* MacLandmarksUITestsLaunchTests.swift */ = {isa = PBXFileReference; lastKnownFileType = sourcecode.swift; path = MacLandmarksUITestsLaunchTests.swift; sourceTree = "<group>"; };
		581FFDF429D8331900C81646 /* LandmarkDetail.swift */ = {isa = PBXFileReference; lastKnownFileType = sourcecode.swift; path = LandmarkDetail.swift; sourceTree = "<group>"; };
		581FFDF729D8340700C81646 /* LandmarkList.swift */ = {isa = PBXFileReference; lastKnownFileType = sourcecode.swift; path = LandmarkList.swift; sourceTree = "<group>"; };
		581FFDFD29D8372B00C81646 /* LandmarkCommands.swift */ = {isa = PBXFileReference; lastKnownFileType = sourcecode.swift; path = LandmarkCommands.swift; sourceTree = "<group>"; };
		581FFE0029D8393300C81646 /* LandmarkSettings.swift */ = {isa = PBXFileReference; lastKnownFileType = sourcecode.swift; path = LandmarkSettings.swift; sourceTree = "<group>"; };
		5852593429D6FF490019E022 /* BadgeBackground.swift */ = {isa = PBXFileReference; lastKnownFileType = sourcecode.swift; path = BadgeBackground.swift; sourceTree = "<group>"; };
		5852593629D6FF630019E022 /* HexagonParameters.swift */ = {isa = PBXFileReference; lastKnownFileType = sourcecode.swift; path = HexagonParameters.swift; sourceTree = "<group>"; };
		5852593829D6FF900019E022 /* BadgeSymbol.swift */ = {isa = PBXFileReference; lastKnownFileType = sourcecode.swift; path = BadgeSymbol.swift; sourceTree = "<group>"; };
		5852593A29D6FFFA0019E022 /* RotatedBadgeSymbol.swift */ = {isa = PBXFileReference; lastKnownFileType = sourcecode.swift; path = RotatedBadgeSymbol.swift; sourceTree = "<group>"; };
		5852593C29D700280019E022 /* Badge.swift */ = {isa = PBXFileReference; lastKnownFileType = sourcecode.swift; path = Badge.swift; sourceTree = "<group>"; };
		5852594029D701A90019E022 /* hikeData.json */ = {isa = PBXFileReference; fileEncoding = 4; lastKnownFileType = text.json; path = hikeData.json; sourceTree = "<group>"; };
		5852594229D701BA0019E022 /* Hike.swift */ = {isa = PBXFileReference; lastKnownFileType = sourcecode.swift; path = Hike.swift; sourceTree = "<group>"; };
		5852594529D7020E0019E022 /* GraphCapsule.swift */ = {isa = PBXFileReference; fileEncoding = 4; lastKnownFileType = sourcecode.swift; path = GraphCapsule.swift; sourceTree = "<group>"; };
		5852594629D7020E0019E022 /* HikeGraph.swift */ = {isa = PBXFileReference; fileEncoding = 4; lastKnownFileType = sourcecode.swift; path = HikeGraph.swift; sourceTree = "<group>"; };
		5852594729D7020E0019E022 /* HikeDetail.swift */ = {isa = PBXFileReference; fileEncoding = 4; lastKnownFileType = sourcecode.swift; path = HikeDetail.swift; sourceTree = "<group>"; };
		5852594829D7020E0019E022 /* HikeView.swift */ = {isa = PBXFileReference; fileEncoding = 4; lastKnownFileType = sourcecode.swift; path = HikeView.swift; sourceTree = "<group>"; };
		5852594E29D719010019E022 /* CategoryHome.swift */ = {isa = PBXFileReference; lastKnownFileType = sourcecode.swift; path = CategoryHome.swift; sourceTree = "<group>"; };
		5852595029D72CCF0019E022 /* CategoryRow.swift */ = {isa = PBXFileReference; lastKnownFileType = sourcecode.swift; path = CategoryRow.swift; sourceTree = "<group>"; };
		5852595229D72D010019E022 /* CategoryItem.swift */ = {isa = PBXFileReference; lastKnownFileType = sourcecode.swift; path = CategoryItem.swift; sourceTree = "<group>"; };
		5852595429D72F700019E022 /* Profile.swift */ = {isa = PBXFileReference; lastKnownFileType = sourcecode.swift; path = Profile.swift; sourceTree = "<group>"; };
		5852595729D72F9B0019E022 /* ProfileHost.swift */ = {isa = PBXFileReference; lastKnownFileType = sourcecode.swift; path = ProfileHost.swift; sourceTree = "<group>"; };
		5852595929D72FC20019E022 /* ProfileSummary.swift */ = {isa = PBXFileReference; lastKnownFileType = sourcecode.swift; path = ProfileSummary.swift; sourceTree = "<group>"; };
		5852595B29D72FF90019E022 /* HikeBadge.swift */ = {isa = PBXFileReference; lastKnownFileType = sourcecode.swift; path = HikeBadge.swift; sourceTree = "<group>"; };
		5852595D29D732290019E022 /* ProfileEditor.swift */ = {isa = PBXFileReference; lastKnownFileType = sourcecode.swift; path = ProfileEditor.swift; sourceTree = "<group>"; };
		58573BF729D5790900F5A103 /* landmarks.app */ = {isa = PBXFileReference; explicitFileType = wrapper.application; includeInIndex = 0; path = landmarks.app; sourceTree = BUILT_PRODUCTS_DIR; };
		58573BFA29D5790900F5A103 /* landmarksApp.swift */ = {isa = PBXFileReference; lastKnownFileType = sourcecode.swift; path = landmarksApp.swift; sourceTree = "<group>"; };
		58573BFC29D5790900F5A103 /* ContentView.swift */ = {isa = PBXFileReference; lastKnownFileType = sourcecode.swift; path = ContentView.swift; sourceTree = "<group>"; };
		58573BFE29D5790A00F5A103 /* Assets.xcassets */ = {isa = PBXFileReference; lastKnownFileType = folder.assetcatalog; path = Assets.xcassets; sourceTree = "<group>"; };
		58573C0129D5790A00F5A103 /* Preview Assets.xcassets */ = {isa = PBXFileReference; lastKnownFileType = folder.assetcatalog; path = "Preview Assets.xcassets"; sourceTree = "<group>"; };
		58573C0829D5790A00F5A103 /* Info.plist */ = {isa = PBXFileReference; lastKnownFileType = text.plist.xml; path = Info.plist; sourceTree = "<group>"; };
		58573C0D29D5790A00F5A103 /* landmarksTests.xctest */ = {isa = PBXFileReference; explicitFileType = wrapper.cfbundle; includeInIndex = 0; path = landmarksTests.xctest; sourceTree = BUILT_PRODUCTS_DIR; };
		58573C1129D5790A00F5A103 /* landmarksTests.swift */ = {isa = PBXFileReference; lastKnownFileType = sourcecode.swift; path = landmarksTests.swift; sourceTree = "<group>"; };
		58573C1729D5790A00F5A103 /* landmarksUITests.xctest */ = {isa = PBXFileReference; explicitFileType = wrapper.cfbundle; includeInIndex = 0; path = landmarksUITests.xctest; sourceTree = BUILT_PRODUCTS_DIR; };
		58573C1B29D5790A00F5A103 /* landmarksUITests.swift */ = {isa = PBXFileReference; lastKnownFileType = sourcecode.swift; path = landmarksUITests.swift; sourceTree = "<group>"; };
		58573C1D29D5790A00F5A103 /* landmarksUITestsLaunchTests.swift */ = {isa = PBXFileReference; lastKnownFileType = sourcecode.swift; path = landmarksUITestsLaunchTests.swift; sourceTree = "<group>"; };
		58573C2A29D580FC00F5A103 /* CircleImage.swift */ = {isa = PBXFileReference; lastKnownFileType = sourcecode.swift; path = CircleImage.swift; sourceTree = "<group>"; };
		58573C2C29D581C900F5A103 /* MapView.swift */ = {isa = PBXFileReference; lastKnownFileType = sourcecode.swift; path = MapView.swift; sourceTree = "<group>"; };
		58573C2E29D5AB1F00F5A103 /* landmarkData.json */ = {isa = PBXFileReference; fileEncoding = 4; lastKnownFileType = text.json; path = landmarkData.json; sourceTree = "<group>"; };
		58573C3029D5AB5700F5A103 /* Landmark.swift */ = {isa = PBXFileReference; lastKnownFileType = sourcecode.swift; path = Landmark.swift; sourceTree = "<group>"; };
		58573C3429D5AC3B00F5A103 /* ModelData.swift */ = {isa = PBXFileReference; lastKnownFileType = sourcecode.swift; path = ModelData.swift; sourceTree = "<group>"; };
		58573C3929D5ADC600F5A103 /* LandmarkRow.swift */ = {isa = PBXFileReference; lastKnownFileType = sourcecode.swift; path = LandmarkRow.swift; sourceTree = "<group>"; };
		58573C3B29D5B00200F5A103 /* LandmarkList.swift */ = {isa = PBXFileReference; lastKnownFileType = sourcecode.swift; path = LandmarkList.swift; sourceTree = "<group>"; };
		58573C3D29D5B0F900F5A103 /* LandmarkDetail.swift */ = {isa = PBXFileReference; lastKnownFileType = sourcecode.swift; path = LandmarkDetail.swift; sourceTree = "<group>"; };
		58B69A3529D6F6AE00D4DB71 /* FavoriteButton.swift */ = {isa = PBXFileReference; lastKnownFileType = sourcecode.swift; path = FavoriteButton.swift; sourceTree = "<group>"; };
/* End PBXFileReference section */

/* Begin PBXFrameworksBuildPhase section */
		581FFD6C29D82B1400C81646 /* Frameworks */ = {
			isa = PBXFrameworksBuildPhase;
			buildActionMask = 2147483647;
			files = (
			);
			runOnlyForDeploymentPostprocessing = 0;
		};
		581FFD7E29D82B1500C81646 /* Frameworks */ = {
			isa = PBXFrameworksBuildPhase;
			buildActionMask = 2147483647;
			files = (
			);
			runOnlyForDeploymentPostprocessing = 0;
		};
		581FFD8829D82B1500C81646 /* Frameworks */ = {
			isa = PBXFrameworksBuildPhase;
			buildActionMask = 2147483647;
			files = (
			);
			runOnlyForDeploymentPostprocessing = 0;
		};
		581FFDBA29D8321600C81646 /* Frameworks */ = {
			isa = PBXFrameworksBuildPhase;
			buildActionMask = 2147483647;
			files = (
			);
			runOnlyForDeploymentPostprocessing = 0;
		};
		581FFDCA29D8321700C81646 /* Frameworks */ = {
			isa = PBXFrameworksBuildPhase;
			buildActionMask = 2147483647;
			files = (
			);
			runOnlyForDeploymentPostprocessing = 0;
		};
		581FFDD429D8321700C81646 /* Frameworks */ = {
			isa = PBXFrameworksBuildPhase;
			buildActionMask = 2147483647;
			files = (
			);
			runOnlyForDeploymentPostprocessing = 0;
		};
		58573BF429D5790900F5A103 /* Frameworks */ = {
			isa = PBXFrameworksBuildPhase;
			buildActionMask = 2147483647;
			files = (
			);
			runOnlyForDeploymentPostprocessing = 0;
		};
		58573C0A29D5790A00F5A103 /* Frameworks */ = {
			isa = PBXFrameworksBuildPhase;
			buildActionMask = 2147483647;
			files = (
			);
			runOnlyForDeploymentPostprocessing = 0;
		};
		58573C1429D5790A00F5A103 /* Frameworks */ = {
			isa = PBXFrameworksBuildPhase;
			buildActionMask = 2147483647;
			files = (
			);
			runOnlyForDeploymentPostprocessing = 0;
		};
/* End PBXFrameworksBuildPhase section */

/* Begin PBXGroup section */
		581FFC5129D81B6400C81646 /* PageView */ = {
			isa = PBXGroup;
			children = (
				581FFC5D29D81C5E00C81646 /* FeatureCard.swift */,
				581FFC5529D81B8100C81646 /* PageViewController.swift */,
				581FFC5F29D81C8700C81646 /* PageView.swift */,
				581FFC6129D81DF400C81646 /* PageControl.swift */,
			);
			path = PageView;
			sourceTree = "<group>";
		};
		581FFD7329D82B1400C81646 /* WatchLandmarks Watch App */ = {
			isa = PBXGroup;
			children = (
				581FFDAA29D82BC800C81646 /* WatchLandmarksApp.swift */,
				581FFD7629D82B1400C81646 /* ContentView.swift */,
				581FFD7829D82B1500C81646 /* Assets.xcassets */,
				581FFD7A29D82B1500C81646 /* Preview Content */,
				581FFDA029D82B4500C81646 /* LandmarkDetail.swift */,
				581FFDB329D82E9600C81646 /* NotificationView.swift */,
				581FFDB529D82EC100C81646 /* NotificationController.swift */,
				581FFDB729D82F3100C81646 /* PushNotificationPayload.apns */,
				581FFDF729D8340700C81646 /* LandmarkList.swift */,
			);
			path = "WatchLandmarks Watch App";
			sourceTree = "<group>";
		};
		581FFD7A29D82B1500C81646 /* Preview Content */ = {
			isa = PBXGroup;
			children = (
				581FFD7B29D82B1500C81646 /* Preview Assets.xcassets */,
			);
			path = "Preview Content";
			sourceTree = "<group>";
		};
		581FFD8429D82B1500C81646 /* WatchLandmarks Watch AppTests */ = {
			isa = PBXGroup;
			children = (
				581FFD8529D82B1500C81646 /* WatchLandmarks_Watch_AppTests.swift */,
			);
			path = "WatchLandmarks Watch AppTests";
			sourceTree = "<group>";
		};
		581FFD8E29D82B1500C81646 /* WatchLandmarks Watch AppUITests */ = {
			isa = PBXGroup;
			children = (
				581FFD8F29D82B1500C81646 /* WatchLandmarks_Watch_AppUITests.swift */,
				581FFD9129D82B1500C81646 /* WatchLandmarks_Watch_AppUITestsLaunchTests.swift */,
			);
			path = "WatchLandmarks Watch AppUITests";
			sourceTree = "<group>";
		};
		581FFDBE29D8321600C81646 /* MacLandmarks */ = {
			isa = PBXGroup;
			children = (
				581FFDBF29D8321600C81646 /* MacLandmarksApp.swift */,
				581FFDC129D8321600C81646 /* ContentView.swift */,
				581FFDC329D8321700C81646 /* Assets.xcassets */,
				581FFDC829D8321700C81646 /* MacLandmarks.entitlements */,
				581FFDC529D8321700C81646 /* Preview Content */,
				581FFDF429D8331900C81646 /* LandmarkDetail.swift */,
				581FFDFD29D8372B00C81646 /* LandmarkCommands.swift */,
				581FFE0029D8393300C81646 /* LandmarkSettings.swift */,
			);
			path = MacLandmarks;
			sourceTree = "<group>";
		};
		581FFDC529D8321700C81646 /* Preview Content */ = {
			isa = PBXGroup;
			children = (
				581FFDC629D8321700C81646 /* Preview Assets.xcassets */,
			);
			path = "Preview Content";
			sourceTree = "<group>";
		};
		581FFDD029D8321700C81646 /* MacLandmarksTests */ = {
			isa = PBXGroup;
			children = (
				581FFDD129D8321700C81646 /* MacLandmarksTests.swift */,
			);
			path = MacLandmarksTests;
			sourceTree = "<group>";
		};
		581FFDDA29D8321700C81646 /* MacLandmarksUITests */ = {
			isa = PBXGroup;
			children = (
				581FFDDB29D8321700C81646 /* MacLandmarksUITests.swift */,
				581FFDDD29D8321700C81646 /* MacLandmarksUITestsLaunchTests.swift */,
			);
			path = MacLandmarksUITests;
			sourceTree = "<group>";
		};
		5852593F29D700A90019E022 /* Badges */ = {
			isa = PBXGroup;
			children = (
				5852593429D6FF490019E022 /* BadgeBackground.swift */,
				5852593629D6FF630019E022 /* HexagonParameters.swift */,
				5852593829D6FF900019E022 /* BadgeSymbol.swift */,
				5852593A29D6FFFA0019E022 /* RotatedBadgeSymbol.swift */,
				5852593C29D700280019E022 /* Badge.swift */,
			);
			path = Badges;
			sourceTree = "<group>";
		};
		5852594429D7020E0019E022 /* Hikes */ = {
			isa = PBXGroup;
			children = (
				5852594529D7020E0019E022 /* GraphCapsule.swift */,
				5852594629D7020E0019E022 /* HikeGraph.swift */,
				5852594729D7020E0019E022 /* HikeDetail.swift */,
				5852594829D7020E0019E022 /* HikeView.swift */,
				5852595B29D72FF90019E022 /* HikeBadge.swift */,
			);
			path = Hikes;
			sourceTree = "<group>";
		};
		5852594D29D718F60019E022 /* Categories */ = {
			isa = PBXGroup;
			children = (
				5852594E29D719010019E022 /* CategoryHome.swift */,
				5852595029D72CCF0019E022 /* CategoryRow.swift */,
				5852595229D72D010019E022 /* CategoryItem.swift */,
			);
			path = Categories;
			sourceTree = "<group>";
		};
		5852595629D72F900019E022 /* Profiles */ = {
			isa = PBXGroup;
			children = (
				5852595729D72F9B0019E022 /* ProfileHost.swift */,
				5852595929D72FC20019E022 /* ProfileSummary.swift */,
				5852595D29D732290019E022 /* ProfileEditor.swift */,
			);
			path = Profiles;
			sourceTree = "<group>";
		};
		58573BEE29D5790900F5A103 = {
			isa = PBXGroup;
			children = (
				58573BF929D5790900F5A103 /* landmarks */,
				58573C1029D5790A00F5A103 /* landmarksTests */,
				58573C1A29D5790A00F5A103 /* landmarksUITests */,
				581FFD7329D82B1400C81646 /* WatchLandmarks Watch App */,
				581FFD8429D82B1500C81646 /* WatchLandmarks Watch AppTests */,
				581FFD8E29D82B1500C81646 /* WatchLandmarks Watch AppUITests */,
				581FFDBE29D8321600C81646 /* MacLandmarks */,
				581FFDD029D8321700C81646 /* MacLandmarksTests */,
				581FFDDA29D8321700C81646 /* MacLandmarksUITests */,
				58573BF829D5790900F5A103 /* Products */,
			);
			sourceTree = "<group>";
		};
		58573BF829D5790900F5A103 /* Products */ = {
			isa = PBXGroup;
			children = (
				58573BF729D5790900F5A103 /* landmarks.app */,
				58573C0D29D5790A00F5A103 /* landmarksTests.xctest */,
				58573C1729D5790A00F5A103 /* landmarksUITests.xctest */,
				581FFD6A29D82B1400C81646 /* WatchLandmarks.app */,
				581FFD6F29D82B1400C81646 /* WatchLandmarks Watch App.app */,
				581FFD8129D82B1500C81646 /* WatchLandmarks Watch AppTests.xctest */,
				581FFD8B29D82B1500C81646 /* WatchLandmarks Watch AppUITests.xctest */,
				581FFDBD29D8321600C81646 /* MacLandmarks.app */,
				581FFDCD29D8321700C81646 /* MacLandmarksTests.xctest */,
				581FFDD729D8321700C81646 /* MacLandmarksUITests.xctest */,
			);
			name = Products;
			sourceTree = "<group>";
		};
		58573BF929D5790900F5A103 /* landmarks */ = {
			isa = PBXGroup;
			children = (
				58573C3829D5ACF100F5A103 /* Views */,
				58573C3729D5ACD600F5A103 /* Model */,
				58573C3629D5ACA000F5A103 /* Resources */,
				58573BFA29D5790900F5A103 /* landmarksApp.swift */,
				58573BFE29D5790A00F5A103 /* Assets.xcassets */,
				58573C0829D5790A00F5A103 /* Info.plist */,
				58573C0029D5790A00F5A103 /* Preview Content */,
			);
			path = landmarks;
			sourceTree = "<group>";
		};
		58573C0029D5790A00F5A103 /* Preview Content */ = {
			isa = PBXGroup;
			children = (
				58573C0129D5790A00F5A103 /* Preview Assets.xcassets */,
			);
			path = "Preview Content";
			sourceTree = "<group>";
		};
		58573C1029D5790A00F5A103 /* landmarksTests */ = {
			isa = PBXGroup;
			children = (
				58573C1129D5790A00F5A103 /* landmarksTests.swift */,
			);
			path = landmarksTests;
			sourceTree = "<group>";
		};
		58573C1A29D5790A00F5A103 /* landmarksUITests */ = {
			isa = PBXGroup;
			children = (
				58573C1B29D5790A00F5A103 /* landmarksUITests.swift */,
				58573C1D29D5790A00F5A103 /* landmarksUITestsLaunchTests.swift */,
			);
			path = landmarksUITests;
			sourceTree = "<group>";
		};
		58573C3629D5ACA000F5A103 /* Resources */ = {
			isa = PBXGroup;
			children = (
				5852594029D701A90019E022 /* hikeData.json */,
				58573C2E29D5AB1F00F5A103 /* landmarkData.json */,
			);
			path = Resources;
			sourceTree = "<group>";
		};
		58573C3729D5ACD600F5A103 /* Model */ = {
			isa = PBXGroup;
			children = (
				58573C3429D5AC3B00F5A103 /* ModelData.swift */,
				58573C3029D5AB5700F5A103 /* Landmark.swift */,
				5852594229D701BA0019E022 /* Hike.swift */,
				5852595429D72F700019E022 /* Profile.swift */,
			);
			path = Model;
			sourceTree = "<group>";
		};
		58573C3829D5ACF100F5A103 /* Views */ = {
			isa = PBXGroup;
			children = (
				581FFC5129D81B6400C81646 /* PageView */,
				5852595629D72F900019E022 /* Profiles */,
				5852594D29D718F60019E022 /* Categories */,
				5852594429D7020E0019E022 /* Hikes */,
				5852593F29D700A90019E022 /* Badges */,
				58B69A3829D6F72A00D4DB71 /* Landmarks */,
				58B69A3729D6F72000D4DB71 /* Helpers */,
				58573BFC29D5790900F5A103 /* ContentView.swift */,
			);
			path = Views;
			sourceTree = "<group>";
		};
		58B69A3729D6F72000D4DB71 /* Helpers */ = {
			isa = PBXGroup;
			children = (
				58573C2C29D581C900F5A103 /* MapView.swift */,
				58573C2A29D580FC00F5A103 /* CircleImage.swift */,
				58B69A3529D6F6AE00D4DB71 /* FavoriteButton.swift */,
			);
			path = Helpers;
			sourceTree = "<group>";
		};
		58B69A3829D6F72A00D4DB71 /* Landmarks */ = {
			isa = PBXGroup;
			children = (
				58573C3929D5ADC600F5A103 /* LandmarkRow.swift */,
				58573C3B29D5B00200F5A103 /* LandmarkList.swift */,
				58573C3D29D5B0F900F5A103 /* LandmarkDetail.swift */,
			);
			path = Landmarks;
			sourceTree = "<group>";
		};
/* End PBXGroup section */

/* Begin PBXNativeTarget section */
		581FFD6929D82B1400C81646 /* WatchLandmarks */ = {
			isa = PBXNativeTarget;
			buildConfigurationList = 581FFD9D29D82B1500C81646 /* Build configuration list for PBXNativeTarget "WatchLandmarks" */;
			buildPhases = (
				581FFD6829D82B1400C81646 /* Resources */,
				581FFD9529D82B1500C81646 /* Embed Watch Content */,
			);
			buildRules = (
			);
			dependencies = (
				581FFD7229D82B1400C81646 /* PBXTargetDependency */,
			);
			name = WatchLandmarks;
			productName = WatchLandmarks;
			productReference = 581FFD6A29D82B1400C81646 /* WatchLandmarks.app */;
			productType = "com.apple.product-type.application.watchapp2-container";
		};
		581FFD6E29D82B1400C81646 /* WatchLandmarks Watch App */ = {
			isa = PBXNativeTarget;
			buildConfigurationList = 581FFD9C29D82B1500C81646 /* Build configuration list for PBXNativeTarget "WatchLandmarks Watch App" */;
			buildPhases = (
				581FFD6B29D82B1400C81646 /* Sources */,
				581FFD6C29D82B1400C81646 /* Frameworks */,
				581FFD6D29D82B1400C81646 /* Resources */,
			);
			buildRules = (
			);
			dependencies = (
			);
			name = "WatchLandmarks Watch App";
			productName = "WatchLandmarks Watch App";
			productReference = 581FFD6F29D82B1400C81646 /* WatchLandmarks Watch App.app */;
			productType = "com.apple.product-type.application";
		};
		581FFD8029D82B1500C81646 /* WatchLandmarks Watch AppTests */ = {
			isa = PBXNativeTarget;
			buildConfigurationList = 581FFD9E29D82B1500C81646 /* Build configuration list for PBXNativeTarget "WatchLandmarks Watch AppTests" */;
			buildPhases = (
				581FFD7D29D82B1500C81646 /* Sources */,
				581FFD7E29D82B1500C81646 /* Frameworks */,
				581FFD7F29D82B1500C81646 /* Resources */,
			);
			buildRules = (
			);
			dependencies = (
				581FFD8329D82B1500C81646 /* PBXTargetDependency */,
			);
			name = "WatchLandmarks Watch AppTests";
			productName = "WatchLandmarks Watch AppTests";
			productReference = 581FFD8129D82B1500C81646 /* WatchLandmarks Watch AppTests.xctest */;
			productType = "com.apple.product-type.bundle.unit-test";
		};
		581FFD8A29D82B1500C81646 /* WatchLandmarks Watch AppUITests */ = {
			isa = PBXNativeTarget;
			buildConfigurationList = 581FFD9F29D82B1500C81646 /* Build configuration list for PBXNativeTarget "WatchLandmarks Watch AppUITests" */;
			buildPhases = (
				581FFD8729D82B1500C81646 /* Sources */,
				581FFD8829D82B1500C81646 /* Frameworks */,
				581FFD8929D82B1500C81646 /* Resources */,
			);
			buildRules = (
			);
			dependencies = (
				581FFD8D29D82B1500C81646 /* PBXTargetDependency */,
			);
			name = "WatchLandmarks Watch AppUITests";
			productName = "WatchLandmarks Watch AppUITests";
			productReference = 581FFD8B29D82B1500C81646 /* WatchLandmarks Watch AppUITests.xctest */;
			productType = "com.apple.product-type.bundle.ui-testing";
		};
		581FFDBC29D8321600C81646 /* MacLandmarks */ = {
			isa = PBXNativeTarget;
			buildConfigurationList = 581FFDDF29D8321700C81646 /* Build configuration list for PBXNativeTarget "MacLandmarks" */;
			buildPhases = (
				581FFDB929D8321600C81646 /* Sources */,
				581FFDBA29D8321600C81646 /* Frameworks */,
				581FFDBB29D8321600C81646 /* Resources */,
			);
			buildRules = (
			);
			dependencies = (
			);
			name = MacLandmarks;
			productName = MacLandmarks;
			productReference = 581FFDBD29D8321600C81646 /* MacLandmarks.app */;
			productType = "com.apple.product-type.application";
		};
		581FFDCC29D8321700C81646 /* MacLandmarksTests */ = {
			isa = PBXNativeTarget;
			buildConfigurationList = 581FFDE229D8321700C81646 /* Build configuration list for PBXNativeTarget "MacLandmarksTests" */;
			buildPhases = (
				581FFDC929D8321700C81646 /* Sources */,
				581FFDCA29D8321700C81646 /* Frameworks */,
				581FFDCB29D8321700C81646 /* Resources */,
			);
			buildRules = (
			);
			dependencies = (
				581FFDCF29D8321700C81646 /* PBXTargetDependency */,
			);
			name = MacLandmarksTests;
			productName = MacLandmarksTests;
			productReference = 581FFDCD29D8321700C81646 /* MacLandmarksTests.xctest */;
			productType = "com.apple.product-type.bundle.unit-test";
		};
		581FFDD629D8321700C81646 /* MacLandmarksUITests */ = {
			isa = PBXNativeTarget;
			buildConfigurationList = 581FFDE529D8321700C81646 /* Build configuration list for PBXNativeTarget "MacLandmarksUITests" */;
			buildPhases = (
				581FFDD329D8321700C81646 /* Sources */,
				581FFDD429D8321700C81646 /* Frameworks */,
				581FFDD529D8321700C81646 /* Resources */,
			);
			buildRules = (
			);
			dependencies = (
				581FFDD929D8321700C81646 /* PBXTargetDependency */,
			);
			name = MacLandmarksUITests;
			productName = MacLandmarksUITests;
			productReference = 581FFDD729D8321700C81646 /* MacLandmarksUITests.xctest */;
			productType = "com.apple.product-type.bundle.ui-testing";
		};
		58573BF629D5790900F5A103 /* landmarks */ = {
			isa = PBXNativeTarget;
			buildConfigurationList = 58573C2129D5790A00F5A103 /* Build configuration list for PBXNativeTarget "landmarks" */;
			buildPhases = (
				58573BF329D5790900F5A103 /* Sources */,
				58573BF429D5790900F5A103 /* Frameworks */,
				58573BF529D5790900F5A103 /* Resources */,
			);
			buildRules = (
			);
			dependencies = (
			);
			name = landmarks;
			productName = aqiapp;
			productReference = 58573BF729D5790900F5A103 /* landmarks.app */;
			productType = "com.apple.product-type.application";
		};
		58573C0C29D5790A00F5A103 /* landmarksTests */ = {
			isa = PBXNativeTarget;
			buildConfigurationList = 58573C2429D5790A00F5A103 /* Build configuration list for PBXNativeTarget "landmarksTests" */;
			buildPhases = (
				58573C0929D5790A00F5A103 /* Sources */,
				58573C0A29D5790A00F5A103 /* Frameworks */,
				58573C0B29D5790A00F5A103 /* Resources */,
			);
			buildRules = (
			);
			dependencies = (
				58573C0F29D5790A00F5A103 /* PBXTargetDependency */,
			);
			name = landmarksTests;
			productName = aqiappTests;
			productReference = 58573C0D29D5790A00F5A103 /* landmarksTests.xctest */;
			productType = "com.apple.product-type.bundle.unit-test";
		};
		58573C1629D5790A00F5A103 /* landmarksUITests */ = {
			isa = PBXNativeTarget;
			buildConfigurationList = 58573C2729D5790A00F5A103 /* Build configuration list for PBXNativeTarget "landmarksUITests" */;
			buildPhases = (
				58573C1329D5790A00F5A103 /* Sources */,
				58573C1429D5790A00F5A103 /* Frameworks */,
				58573C1529D5790A00F5A103 /* Resources */,
			);
			buildRules = (
			);
			dependencies = (
				58573C1929D5790A00F5A103 /* PBXTargetDependency */,
			);
			name = landmarksUITests;
			productName = aqiappUITests;
			productReference = 58573C1729D5790A00F5A103 /* landmarksUITests.xctest */;
			productType = "com.apple.product-type.bundle.ui-testing";
		};
/* End PBXNativeTarget section */

/* Begin PBXProject section */
		58573BEF29D5790900F5A103 /* Project object */ = {
			isa = PBXProject;
			attributes = {
				BuildIndependentTargetsInParallel = 1;
				LastSwiftUpdateCheck = 1420;
				LastUpgradeCheck = 1420;
				TargetAttributes = {
					581FFD6929D82B1400C81646 = {
						CreatedOnToolsVersion = 14.2;
					};
					581FFD6E29D82B1400C81646 = {
						CreatedOnToolsVersion = 14.2;
					};
					581FFD8029D82B1500C81646 = {
						CreatedOnToolsVersion = 14.2;
						TestTargetID = 581FFD6E29D82B1400C81646;
					};
					581FFD8A29D82B1500C81646 = {
						CreatedOnToolsVersion = 14.2;
						TestTargetID = 581FFD6E29D82B1400C81646;
					};
					581FFDBC29D8321600C81646 = {
						CreatedOnToolsVersion = 14.2;
					};
					581FFDCC29D8321700C81646 = {
						CreatedOnToolsVersion = 14.2;
						TestTargetID = 581FFDBC29D8321600C81646;
					};
					581FFDD629D8321700C81646 = {
						CreatedOnToolsVersion = 14.2;
						TestTargetID = 581FFDBC29D8321600C81646;
					};
					58573BF629D5790900F5A103 = {
						CreatedOnToolsVersion = 14.2;
					};
					58573C0C29D5790A00F5A103 = {
						CreatedOnToolsVersion = 14.2;
						TestTargetID = 58573BF629D5790900F5A103;
					};
					58573C1629D5790A00F5A103 = {
						CreatedOnToolsVersion = 14.2;
						TestTargetID = 58573BF629D5790900F5A103;
					};
				};
			};
			buildConfigurationList = 58573BF229D5790900F5A103 /* Build configuration list for PBXProject "landmarks" */;
			compatibilityVersion = "Xcode 14.0";
			developmentRegion = en;
			hasScannedForEncodings = 0;
			knownRegions = (
				en,
				Base,
			);
			mainGroup = 58573BEE29D5790900F5A103;
			productRefGroup = 58573BF829D5790900F5A103 /* Products */;
			projectDirPath = "";
			projectRoot = "";
			targets = (
				58573BF629D5790900F5A103 /* landmarks */,
				58573C0C29D5790A00F5A103 /* landmarksTests */,
				58573C1629D5790A00F5A103 /* landmarksUITests */,
				581FFD6929D82B1400C81646 /* WatchLandmarks */,
				581FFD6E29D82B1400C81646 /* WatchLandmarks Watch App */,
				581FFD8029D82B1500C81646 /* WatchLandmarks Watch AppTests */,
				581FFD8A29D82B1500C81646 /* WatchLandmarks Watch AppUITests */,
				581FFDBC29D8321600C81646 /* MacLandmarks */,
				581FFDCC29D8321700C81646 /* MacLandmarksTests */,
				581FFDD629D8321700C81646 /* MacLandmarksUITests */,
			);
		};
/* End PBXProject section */

/* Begin PBXResourcesBuildPhase section */
		581FFD6829D82B1400C81646 /* Resources */ = {
			isa = PBXResourcesBuildPhase;
			buildActionMask = 2147483647;
			files = (
			);
			runOnlyForDeploymentPostprocessing = 0;
		};
		581FFD6D29D82B1400C81646 /* Resources */ = {
			isa = PBXResourcesBuildPhase;
			buildActionMask = 2147483647;
			files = (
				581FFDAD29D82C2F00C81646 /* hikeData.json in Resources */,
				581FFD7C29D82B1500C81646 /* Preview Assets.xcassets in Resources */,
				581FFD7929D82B1500C81646 /* Assets.xcassets in Resources */,
				581FFDAC29D82C2F00C81646 /* landmarkData.json in Resources */,
				581FFDAE29D82C4200C81646 /* Assets.xcassets in Resources */,
				581FFDB829D82F3100C81646 /* PushNotificationPayload.apns in Resources */,
			);
			runOnlyForDeploymentPostprocessing = 0;
		};
		581FFD7F29D82B1500C81646 /* Resources */ = {
			isa = PBXResourcesBuildPhase;
			buildActionMask = 2147483647;
			files = (
			);
			runOnlyForDeploymentPostprocessing = 0;
		};
		581FFD8929D82B1500C81646 /* Resources */ = {
			isa = PBXResourcesBuildPhase;
			buildActionMask = 2147483647;
			files = (
			);
			runOnlyForDeploymentPostprocessing = 0;
		};
		581FFDBB29D8321600C81646 /* Resources */ = {
			isa = PBXResourcesBuildPhase;
			buildActionMask = 2147483647;
			files = (
				581FFDC729D8321700C81646 /* Preview Assets.xcassets in Resources */,
				581FFDF329D832AB00C81646 /* landmarkData.json in Resources */,
				581FFDF129D832AB00C81646 /* hikeData.json in Resources */,
				581FFDC429D8321700C81646 /* Assets.xcassets in Resources */,
				581FFDF629D833BB00C81646 /* Assets.xcassets in Resources */,
			);
			runOnlyForDeploymentPostprocessing = 0;
		};
		581FFDCB29D8321700C81646 /* Resources */ = {
			isa = PBXResourcesBuildPhase;
			buildActionMask = 2147483647;
			files = (
			);
			runOnlyForDeploymentPostprocessing = 0;
		};
		581FFDD529D8321700C81646 /* Resources */ = {
			isa = PBXResourcesBuildPhase;
			buildActionMask = 2147483647;
			files = (
			);
			runOnlyForDeploymentPostprocessing = 0;
		};
		58573BF529D5790900F5A103 /* Resources */ = {
			isa = PBXResourcesBuildPhase;
			buildActionMask = 2147483647;
			files = (
				5852594129D701A90019E022 /* hikeData.json in Resources */,
				58573C0229D5790A00F5A103 /* Preview Assets.xcassets in Resources */,
				58573BFF29D5790A00F5A103 /* Assets.xcassets in Resources */,
				58573C2F29D5AB1F00F5A103 /* landmarkData.json in Resources */,
			);
			runOnlyForDeploymentPostprocessing = 0;
		};
		58573C0B29D5790A00F5A103 /* Resources */ = {
			isa = PBXResourcesBuildPhase;
			buildActionMask = 2147483647;
			files = (
			);
			runOnlyForDeploymentPostprocessing = 0;
		};
		58573C1529D5790A00F5A103 /* Resources */ = {
			isa = PBXResourcesBuildPhase;
			buildActionMask = 2147483647;
			files = (
			);
			runOnlyForDeploymentPostprocessing = 0;
		};
/* End PBXResourcesBuildPhase section */

/* Begin PBXSourcesBuildPhase section */
		581FFD6B29D82B1400C81646 /* Sources */ = {
			isa = PBXSourcesBuildPhase;
			buildActionMask = 2147483647;
			files = (
				581FFDB629D82EC100C81646 /* NotificationController.swift in Sources */,
				581FFD7729D82B1400C81646 /* ContentView.swift in Sources */,
				581FFDA629D82B8000C81646 /* CircleImage.swift in Sources */,
				581FFDF929D834D100C81646 /* LandmarkList.swift in Sources */,
				581FFDF829D8340700C81646 /* LandmarkList.swift in Sources */,
				581FFDB029D82CF100C81646 /* LandmarkRow.swift in Sources */,
				581FFDA129D82B4500C81646 /* LandmarkDetail.swift in Sources */,
				581FFDA729D82B8000C81646 /* FavoriteButton.swift in Sources */,
				581FFDA229D82B6F00C81646 /* Hike.swift in Sources */,
				581FFDA529D82B6F00C81646 /* Profile.swift in Sources */,
				581FFDA829D82B8000C81646 /* MapView.swift in Sources */,
				581FFDB429D82E9600C81646 /* NotificationView.swift in Sources */,
				581FFDAB29D82BC800C81646 /* WatchLandmarksApp.swift in Sources */,
				581FFDA329D82B6F00C81646 /* Landmark.swift in Sources */,
				581FFDA429D82B6F00C81646 /* ModelData.swift in Sources */,
				581FFDAF29D82C5900C81646 /* landmarksApp.swift in Sources */,
			);
			runOnlyForDeploymentPostprocessing = 0;
		};
		581FFD7D29D82B1500C81646 /* Sources */ = {
			isa = PBXSourcesBuildPhase;
			buildActionMask = 2147483647;
			files = (
				581FFD8629D82B1500C81646 /* WatchLandmarks_Watch_AppTests.swift in Sources */,
			);
			runOnlyForDeploymentPostprocessing = 0;
		};
		581FFD8729D82B1500C81646 /* Sources */ = {
			isa = PBXSourcesBuildPhase;
			buildActionMask = 2147483647;
			files = (
				581FFD9229D82B1500C81646 /* WatchLandmarks_Watch_AppUITestsLaunchTests.swift in Sources */,
				581FFD9029D82B1500C81646 /* WatchLandmarks_Watch_AppUITests.swift in Sources */,
			);
			runOnlyForDeploymentPostprocessing = 0;
		};
		581FFDB929D8321600C81646 /* Sources */ = {
			isa = PBXSourcesBuildPhase;
			buildActionMask = 2147483647;
			files = (
				581FFDEF29D832AB00C81646 /* Hike.swift in Sources */,
				581FFDFF29D8372B00C81646 /* LandmarkCommands.swift in Sources */,
				581FFDF029D832AB00C81646 /* Landmark.swift in Sources */,
				581FFDC229D8321600C81646 /* ContentView.swift in Sources */,
				581FFDEB29D8328D00C81646 /* MapView.swift in Sources */,
				581FFE0129D8393300C81646 /* LandmarkSettings.swift in Sources */,
				581FFDC029D8321600C81646 /* MacLandmarksApp.swift in Sources */,
				581FFDF229D832AB00C81646 /* ModelData.swift in Sources */,
				581FFDED29D8328D00C81646 /* FavoriteButton.swift in Sources */,
				581FFDF529D8331900C81646 /* LandmarkDetail.swift in Sources */,
				581FFDEC29D8328D00C81646 /* CircleImage.swift in Sources */,
				581FFDE829D8327300C81646 /* landmarksApp.swift in Sources */,
				581FFDEA29D8328200C81646 /* LandmarkRow.swift in Sources */,
				581FFDEE29D832AB00C81646 /* Profile.swift in Sources */,
				581FFDE929D8327B00C81646 /* LandmarkList.swift in Sources */,
			);
			runOnlyForDeploymentPostprocessing = 0;
		};
		581FFDC929D8321700C81646 /* Sources */ = {
			isa = PBXSourcesBuildPhase;
			buildActionMask = 2147483647;
			files = (
				581FFDD229D8321700C81646 /* MacLandmarksTests.swift in Sources */,
			);
			runOnlyForDeploymentPostprocessing = 0;
		};
		581FFDD329D8321700C81646 /* Sources */ = {
			isa = PBXSourcesBuildPhase;
			buildActionMask = 2147483647;
			files = (
				581FFDDE29D8321700C81646 /* MacLandmarksUITestsLaunchTests.swift in Sources */,
				581FFDDC29D8321700C81646 /* MacLandmarksUITests.swift in Sources */,
			);
			runOnlyForDeploymentPostprocessing = 0;
		};
		58573BF329D5790900F5A103 /* Sources */ = {
			isa = PBXSourcesBuildPhase;
			buildActionMask = 2147483647;
			files = (
				5852593729D6FF630019E022 /* HexagonParameters.swift in Sources */,
				5852593D29D700280019E022 /* Badge.swift in Sources */,
				5852595E29D732290019E022 /* ProfileEditor.swift in Sources */,
				5852595A29D72FC20019E022 /* ProfileSummary.swift in Sources */,
				58573C3129D5AB5700F5A103 /* Landmark.swift in Sources */,
				5852595529D72F700019E022 /* Profile.swift in Sources */,
				58573C2D29D581C900F5A103 /* MapView.swift in Sources */,
				5852595829D72F9B0019E022 /* ProfileHost.swift in Sources */,
				58B69A3629D6F6AE00D4DB71 /* FavoriteButton.swift in Sources */,
				5852594329D701BA0019E022 /* Hike.swift in Sources */,
				58573BFD29D5790900F5A103 /* ContentView.swift in Sources */,
				58573BFB29D5790900F5A103 /* landmarksApp.swift in Sources */,
				58573C3529D5AC3B00F5A103 /* ModelData.swift in Sources */,
				581FFC5629D81B8100C81646 /* PageViewController.swift in Sources */,
				5852595129D72CCF0019E022 /* CategoryRow.swift in Sources */,
				5852593929D6FF910019E022 /* BadgeSymbol.swift in Sources */,
				5852594B29D7020F0019E022 /* HikeDetail.swift in Sources */,
				581FFC5E29D81C5E00C81646 /* FeatureCard.swift in Sources */,
				581FFDFE29D8372B00C81646 /* LandmarkCommands.swift in Sources */,
				581FFC6029D81C8700C81646 /* PageView.swift in Sources */,
				5852594C29D7020F0019E022 /* HikeView.swift in Sources */,
				5852593529D6FF490019E022 /* BadgeBackground.swift in Sources */,
				5852594A29D7020F0019E022 /* HikeGraph.swift in Sources */,
				58573C2B29D580FC00F5A103 /* CircleImage.swift in Sources */,
				5852595C29D72FF90019E022 /* HikeBadge.swift in Sources */,
				5852595329D72D010019E022 /* CategoryItem.swift in Sources */,
				58573C3A29D5ADC600F5A103 /* LandmarkRow.swift in Sources */,
				58573C3C29D5B00200F5A103 /* LandmarkList.swift in Sources */,
				58573C3E29D5B0F900F5A103 /* LandmarkDetail.swift in Sources */,
				5852594929D7020F0019E022 /* GraphCapsule.swift in Sources */,
				5852594F29D719010019E022 /* CategoryHome.swift in Sources */,
				581FFC6229D81DF400C81646 /* PageControl.swift in Sources */,
				5852593B29D6FFFA0019E022 /* RotatedBadgeSymbol.swift in Sources */,
			);
			runOnlyForDeploymentPostprocessing = 0;
		};
		58573C0929D5790A00F5A103 /* Sources */ = {
			isa = PBXSourcesBuildPhase;
			buildActionMask = 2147483647;
			files = (
				58573C1229D5790A00F5A103 /* landmarksTests.swift in Sources */,
			);
			runOnlyForDeploymentPostprocessing = 0;
		};
		58573C1329D5790A00F5A103 /* Sources */ = {
			isa = PBXSourcesBuildPhase;
			buildActionMask = 2147483647;
			files = (
				58573C1E29D5790A00F5A103 /* landmarksUITestsLaunchTests.swift in Sources */,
				58573C1C29D5790A00F5A103 /* landmarksUITests.swift in Sources */,
			);
			runOnlyForDeploymentPostprocessing = 0;
		};
/* End PBXSourcesBuildPhase section */

/* Begin PBXTargetDependency section */
		581FFD7229D82B1400C81646 /* PBXTargetDependency */ = {
			isa = PBXTargetDependency;
			target = 581FFD6E29D82B1400C81646 /* WatchLandmarks Watch App */;
			targetProxy = 581FFD7129D82B1400C81646 /* PBXContainerItemProxy */;
		};
		581FFD8329D82B1500C81646 /* PBXTargetDependency */ = {
			isa = PBXTargetDependency;
			target = 581FFD6E29D82B1400C81646 /* WatchLandmarks Watch App */;
			targetProxy = 581FFD8229D82B1500C81646 /* PBXContainerItemProxy */;
		};
		581FFD8D29D82B1500C81646 /* PBXTargetDependency */ = {
			isa = PBXTargetDependency;
			target = 581FFD6E29D82B1400C81646 /* WatchLandmarks Watch App */;
			targetProxy = 581FFD8C29D82B1500C81646 /* PBXContainerItemProxy */;
		};
		581FFDCF29D8321700C81646 /* PBXTargetDependency */ = {
			isa = PBXTargetDependency;
			target = 581FFDBC29D8321600C81646 /* MacLandmarks */;
			targetProxy = 581FFDCE29D8321700C81646 /* PBXContainerItemProxy */;
		};
		581FFDD929D8321700C81646 /* PBXTargetDependency */ = {
			isa = PBXTargetDependency;
			target = 581FFDBC29D8321600C81646 /* MacLandmarks */;
			targetProxy = 581FFDD829D8321700C81646 /* PBXContainerItemProxy */;
		};
		58573C0F29D5790A00F5A103 /* PBXTargetDependency */ = {
			isa = PBXTargetDependency;
			target = 58573BF629D5790900F5A103 /* landmarks */;
			targetProxy = 58573C0E29D5790A00F5A103 /* PBXContainerItemProxy */;
		};
		58573C1929D5790A00F5A103 /* PBXTargetDependency */ = {
			isa = PBXTargetDependency;
			target = 58573BF629D5790900F5A103 /* landmarks */;
			targetProxy = 58573C1829D5790A00F5A103 /* PBXContainerItemProxy */;
		};
/* End PBXTargetDependency section */

/* Begin XCBuildConfiguration section */
		581FFD9329D82B1500C81646 /* Debug */ = {
			isa = XCBuildConfiguration;
			buildSettings = {
				ALWAYS_EMBED_SWIFT_STANDARD_LIBRARIES = YES;
				CODE_SIGN_STYLE = Automatic;
				CURRENT_PROJECT_VERSION = 1;
				INFOPLIST_KEY_CFBundleDisplayName = WatchLandmarks;
				MARKETING_VERSION = 1.0;
				PRODUCT_BUNDLE_IDENTIFIER = com.aqi.WatchLandmarks;
				PRODUCT_NAME = "$(TARGET_NAME)";
				SWIFT_VERSION = 5.0;
			};
			name = Debug;
		};
		581FFD9429D82B1500C81646 /* Release */ = {
			isa = XCBuildConfiguration;
			buildSettings = {
				ALWAYS_EMBED_SWIFT_STANDARD_LIBRARIES = YES;
				CODE_SIGN_STYLE = Automatic;
				CURRENT_PROJECT_VERSION = 1;
				INFOPLIST_KEY_CFBundleDisplayName = WatchLandmarks;
				MARKETING_VERSION = 1.0;
				PRODUCT_BUNDLE_IDENTIFIER = com.aqi.WatchLandmarks;
				PRODUCT_NAME = "$(TARGET_NAME)";
				SWIFT_VERSION = 5.0;
			};
			name = Release;
		};
		581FFD9629D82B1500C81646 /* Debug */ = {
			isa = XCBuildConfiguration;
			buildSettings = {
				ASSETCATALOG_COMPILER_APPICON_NAME = AppIcon;
				ASSETCATALOG_COMPILER_GLOBAL_ACCENT_COLOR_NAME = AccentColor;
				CODE_SIGN_STYLE = Automatic;
				CURRENT_PROJECT_VERSION = 1;
				DEVELOPMENT_ASSET_PATHS = "\"WatchLandmarks Watch App/Preview Content\"";
				ENABLE_PREVIEWS = YES;
				GENERATE_INFOPLIST_FILE = YES;
				INFOPLIST_KEY_CFBundleDisplayName = WatchLandmarks;
				INFOPLIST_KEY_UISupportedInterfaceOrientations = "UIInterfaceOrientationPortrait UIInterfaceOrientationPortraitUpsideDown";
				INFOPLIST_KEY_WKWatchOnly = YES;
				LD_RUNPATH_SEARCH_PATHS = (
					"$(inherited)",
					"@executable_path/Frameworks",
				);
				MARKETING_VERSION = 1.0;
				PRODUCT_BUNDLE_IDENTIFIER = com.aqi.WatchLandmarks.watchkitapp;
				PRODUCT_NAME = "$(TARGET_NAME)";
				SDKROOT = watchos;
				SKIP_INSTALL = YES;
				SWIFT_EMIT_LOC_STRINGS = YES;
				SWIFT_VERSION = 5.0;
				TARGETED_DEVICE_FAMILY = 4;
				WATCHOS_DEPLOYMENT_TARGET = 9.1;
			};
			name = Debug;
		};
		581FFD9729D82B1500C81646 /* Release */ = {
			isa = XCBuildConfiguration;
			buildSettings = {
				ASSETCATALOG_COMPILER_APPICON_NAME = AppIcon;
				ASSETCATALOG_COMPILER_GLOBAL_ACCENT_COLOR_NAME = AccentColor;
				CODE_SIGN_STYLE = Automatic;
				CURRENT_PROJECT_VERSION = 1;
				DEVELOPMENT_ASSET_PATHS = "\"WatchLandmarks Watch App/Preview Content\"";
				ENABLE_PREVIEWS = YES;
				GENERATE_INFOPLIST_FILE = YES;
				INFOPLIST_KEY_CFBundleDisplayName = WatchLandmarks;
				INFOPLIST_KEY_UISupportedInterfaceOrientations = "UIInterfaceOrientationPortrait UIInterfaceOrientationPortraitUpsideDown";
				INFOPLIST_KEY_WKWatchOnly = YES;
				LD_RUNPATH_SEARCH_PATHS = (
					"$(inherited)",
					"@executable_path/Frameworks",
				);
				MARKETING_VERSION = 1.0;
				PRODUCT_BUNDLE_IDENTIFIER = com.aqi.WatchLandmarks.watchkitapp;
				PRODUCT_NAME = "$(TARGET_NAME)";
				SDKROOT = watchos;
				SKIP_INSTALL = YES;
				SWIFT_EMIT_LOC_STRINGS = YES;
				SWIFT_VERSION = 5.0;
				TARGETED_DEVICE_FAMILY = 4;
				WATCHOS_DEPLOYMENT_TARGET = 9.1;
			};
			name = Release;
		};
		581FFD9829D82B1500C81646 /* Debug */ = {
			isa = XCBuildConfiguration;
			buildSettings = {
				ALWAYS_EMBED_SWIFT_STANDARD_LIBRARIES = YES;
				BUNDLE_LOADER = "$(TEST_HOST)";
				CODE_SIGN_STYLE = Automatic;
				CURRENT_PROJECT_VERSION = 1;
				GENERATE_INFOPLIST_FILE = YES;
				MARKETING_VERSION = 1.0;
				PRODUCT_BUNDLE_IDENTIFIER = "com.aqi.WatchLandmarks-Watch-AppTests";
				PRODUCT_NAME = "$(TARGET_NAME)";
				SDKROOT = watchos;
				SWIFT_EMIT_LOC_STRINGS = NO;
				SWIFT_VERSION = 5.0;
				TARGETED_DEVICE_FAMILY = 4;
				TEST_HOST = "$(BUILT_PRODUCTS_DIR)/WatchLandmarks Watch App.app/$(BUNDLE_EXECUTABLE_FOLDER_PATH)/WatchLandmarks Watch App";
				WATCHOS_DEPLOYMENT_TARGET = 9.1;
			};
			name = Debug;
		};
		581FFD9929D82B1500C81646 /* Release */ = {
			isa = XCBuildConfiguration;
			buildSettings = {
				ALWAYS_EMBED_SWIFT_STANDARD_LIBRARIES = YES;
				BUNDLE_LOADER = "$(TEST_HOST)";
				CODE_SIGN_STYLE = Automatic;
				CURRENT_PROJECT_VERSION = 1;
				GENERATE_INFOPLIST_FILE = YES;
				MARKETING_VERSION = 1.0;
				PRODUCT_BUNDLE_IDENTIFIER = "com.aqi.WatchLandmarks-Watch-AppTests";
				PRODUCT_NAME = "$(TARGET_NAME)";
				SDKROOT = watchos;
				SWIFT_EMIT_LOC_STRINGS = NO;
				SWIFT_VERSION = 5.0;
				TARGETED_DEVICE_FAMILY = 4;
				TEST_HOST = "$(BUILT_PRODUCTS_DIR)/WatchLandmarks Watch App.app/$(BUNDLE_EXECUTABLE_FOLDER_PATH)/WatchLandmarks Watch App";
				WATCHOS_DEPLOYMENT_TARGET = 9.1;
			};
			name = Release;
		};
		581FFD9A29D82B1500C81646 /* Debug */ = {
			isa = XCBuildConfiguration;
			buildSettings = {
				ALWAYS_EMBED_SWIFT_STANDARD_LIBRARIES = YES;
				CODE_SIGN_STYLE = Automatic;
				CURRENT_PROJECT_VERSION = 1;
				GENERATE_INFOPLIST_FILE = YES;
				MARKETING_VERSION = 1.0;
				PRODUCT_BUNDLE_IDENTIFIER = "com.aqi.WatchLandmarks-Watch-AppUITests";
				PRODUCT_NAME = "$(TARGET_NAME)";
				SDKROOT = watchos;
				SWIFT_EMIT_LOC_STRINGS = NO;
				SWIFT_VERSION = 5.0;
				TARGETED_DEVICE_FAMILY = 4;
				TEST_TARGET_NAME = "WatchLandmarks Watch App";
				WATCHOS_DEPLOYMENT_TARGET = 9.1;
			};
			name = Debug;
		};
		581FFD9B29D82B1500C81646 /* Release */ = {
			isa = XCBuildConfiguration;
			buildSettings = {
				ALWAYS_EMBED_SWIFT_STANDARD_LIBRARIES = YES;
				CODE_SIGN_STYLE = Automatic;
				CURRENT_PROJECT_VERSION = 1;
				GENERATE_INFOPLIST_FILE = YES;
				MARKETING_VERSION = 1.0;
				PRODUCT_BUNDLE_IDENTIFIER = "com.aqi.WatchLandmarks-Watch-AppUITests";
				PRODUCT_NAME = "$(TARGET_NAME)";
				SDKROOT = watchos;
				SWIFT_EMIT_LOC_STRINGS = NO;
				SWIFT_VERSION = 5.0;
				TARGETED_DEVICE_FAMILY = 4;
				TEST_TARGET_NAME = "WatchLandmarks Watch App";
				WATCHOS_DEPLOYMENT_TARGET = 9.1;
			};
			name = Release;
		};
		581FFDE029D8321700C81646 /* Debug */ = {
			isa = XCBuildConfiguration;
			buildSettings = {
				ASSETCATALOG_COMPILER_APPICON_NAME = AppIcon;
				ASSETCATALOG_COMPILER_GLOBAL_ACCENT_COLOR_NAME = AccentColor;
				CODE_SIGN_ENTITLEMENTS = MacLandmarks/MacLandmarks.entitlements;
				CODE_SIGN_STYLE = Automatic;
				COMBINE_HIDPI_IMAGES = YES;
				CURRENT_PROJECT_VERSION = 1;
				DEVELOPMENT_ASSET_PATHS = "\"MacLandmarks/Preview Content\"";
				ENABLE_PREVIEWS = YES;
				GENERATE_INFOPLIST_FILE = YES;
				INFOPLIST_KEY_NSHumanReadableCopyright = "";
				LD_RUNPATH_SEARCH_PATHS = (
					"$(inherited)",
					"@executable_path/../Frameworks",
				);
				MACOSX_DEPLOYMENT_TARGET = 13.0;
				MARKETING_VERSION = 1.0;
				PRODUCT_BUNDLE_IDENTIFIER = com.aqi.MacLandmarks;
				PRODUCT_NAME = "$(TARGET_NAME)";
				SDKROOT = macosx;
				SWIFT_EMIT_LOC_STRINGS = YES;
				SWIFT_VERSION = 5.0;
			};
			name = Debug;
		};
		581FFDE129D8321700C81646 /* Release */ = {
			isa = XCBuildConfiguration;
			buildSettings = {
				ASSETCATALOG_COMPILER_APPICON_NAME = AppIcon;
				ASSETCATALOG_COMPILER_GLOBAL_ACCENT_COLOR_NAME = AccentColor;
				CODE_SIGN_ENTITLEMENTS = MacLandmarks/MacLandmarks.entitlements;
				CODE_SIGN_STYLE = Automatic;
				COMBINE_HIDPI_IMAGES = YES;
				CURRENT_PROJECT_VERSION = 1;
				DEVELOPMENT_ASSET_PATHS = "\"MacLandmarks/Preview Content\"";
				ENABLE_PREVIEWS = YES;
				GENERATE_INFOPLIST_FILE = YES;
				INFOPLIST_KEY_NSHumanReadableCopyright = "";
				LD_RUNPATH_SEARCH_PATHS = (
					"$(inherited)",
					"@executable_path/../Frameworks",
				);
				MACOSX_DEPLOYMENT_TARGET = 13.0;
				MARKETING_VERSION = 1.0;
				PRODUCT_BUNDLE_IDENTIFIER = com.aqi.MacLandmarks;
				PRODUCT_NAME = "$(TARGET_NAME)";
				SDKROOT = macosx;
				SWIFT_EMIT_LOC_STRINGS = YES;
				SWIFT_VERSION = 5.0;
			};
			name = Release;
		};
		581FFDE329D8321700C81646 /* Debug */ = {
			isa = XCBuildConfiguration;
			buildSettings = {
				ALWAYS_EMBED_SWIFT_STANDARD_LIBRARIES = YES;
				BUNDLE_LOADER = "$(TEST_HOST)";
				CODE_SIGN_STYLE = Automatic;
				CURRENT_PROJECT_VERSION = 1;
				GENERATE_INFOPLIST_FILE = YES;
				MACOSX_DEPLOYMENT_TARGET = 13.0;
				MARKETING_VERSION = 1.0;
				PRODUCT_BUNDLE_IDENTIFIER = com.aqi.MacLandmarksTests;
				PRODUCT_NAME = "$(TARGET_NAME)";
				SDKROOT = macosx;
				SWIFT_EMIT_LOC_STRINGS = NO;
				SWIFT_VERSION = 5.0;
				TEST_HOST = "$(BUILT_PRODUCTS_DIR)/MacLandmarks.app/$(BUNDLE_EXECUTABLE_FOLDER_PATH)/MacLandmarks";
			};
			name = Debug;
		};
		581FFDE429D8321700C81646 /* Release */ = {
			isa = XCBuildConfiguration;
			buildSettings = {
				ALWAYS_EMBED_SWIFT_STANDARD_LIBRARIES = YES;
				BUNDLE_LOADER = "$(TEST_HOST)";
				CODE_SIGN_STYLE = Automatic;
				CURRENT_PROJECT_VERSION = 1;
				GENERATE_INFOPLIST_FILE = YES;
				MACOSX_DEPLOYMENT_TARGET = 13.0;
				MARKETING_VERSION = 1.0;
				PRODUCT_BUNDLE_IDENTIFIER = com.aqi.MacLandmarksTests;
				PRODUCT_NAME = "$(TARGET_NAME)";
				SDKROOT = macosx;
				SWIFT_EMIT_LOC_STRINGS = NO;
				SWIFT_VERSION = 5.0;
				TEST_HOST = "$(BUILT_PRODUCTS_DIR)/MacLandmarks.app/$(BUNDLE_EXECUTABLE_FOLDER_PATH)/MacLandmarks";
			};
			name = Release;
		};
		581FFDE629D8321700C81646 /* Debug */ = {
			isa = XCBuildConfiguration;
			buildSettings = {
				ALWAYS_EMBED_SWIFT_STANDARD_LIBRARIES = YES;
				CODE_SIGN_STYLE = Automatic;
				CURRENT_PROJECT_VERSION = 1;
				GENERATE_INFOPLIST_FILE = YES;
				MACOSX_DEPLOYMENT_TARGET = 13.0;
				MARKETING_VERSION = 1.0;
				PRODUCT_BUNDLE_IDENTIFIER = com.aqi.MacLandmarksUITests;
				PRODUCT_NAME = "$(TARGET_NAME)";
				SDKROOT = macosx;
				SWIFT_EMIT_LOC_STRINGS = NO;
				SWIFT_VERSION = 5.0;
				TEST_TARGET_NAME = MacLandmarks;
			};
			name = Debug;
		};
		581FFDE729D8321700C81646 /* Release */ = {
			isa = XCBuildConfiguration;
			buildSettings = {
				ALWAYS_EMBED_SWIFT_STANDARD_LIBRARIES = YES;
				CODE_SIGN_STYLE = Automatic;
				CURRENT_PROJECT_VERSION = 1;
				GENERATE_INFOPLIST_FILE = YES;
				MACOSX_DEPLOYMENT_TARGET = 13.0;
				MARKETING_VERSION = 1.0;
				PRODUCT_BUNDLE_IDENTIFIER = com.aqi.MacLandmarksUITests;
				PRODUCT_NAME = "$(TARGET_NAME)";
				SDKROOT = macosx;
				SWIFT_EMIT_LOC_STRINGS = NO;
				SWIFT_VERSION = 5.0;
				TEST_TARGET_NAME = MacLandmarks;
			};
			name = Release;
		};
		58573C1F29D5790A00F5A103 /* Debug */ = {
			isa = XCBuildConfiguration;
			buildSettings = {
				ALWAYS_SEARCH_USER_PATHS = NO;
				CLANG_ANALYZER_NONNULL = YES;
				CLANG_ANALYZER_NUMBER_OBJECT_CONVERSION = YES_AGGRESSIVE;
				CLANG_CXX_LANGUAGE_STANDARD = "gnu++20";
				CLANG_ENABLE_MODULES = YES;
				CLANG_ENABLE_OBJC_ARC = YES;
				CLANG_ENABLE_OBJC_WEAK = YES;
				CLANG_WARN_BLOCK_CAPTURE_AUTORELEASING = YES;
				CLANG_WARN_BOOL_CONVERSION = YES;
				CLANG_WARN_COMMA = YES;
				CLANG_WARN_CONSTANT_CONVERSION = YES;
				CLANG_WARN_DEPRECATED_OBJC_IMPLEMENTATIONS = YES;
				CLANG_WARN_DIRECT_OBJC_ISA_USAGE = YES_ERROR;
				CLANG_WARN_DOCUMENTATION_COMMENTS = YES;
				CLANG_WARN_EMPTY_BODY = YES;
				CLANG_WARN_ENUM_CONVERSION = YES;
				CLANG_WARN_INFINITE_RECURSION = YES;
				CLANG_WARN_INT_CONVERSION = YES;
				CLANG_WARN_NON_LITERAL_NULL_CONVERSION = YES;
				CLANG_WARN_OBJC_IMPLICIT_RETAIN_SELF = YES;
				CLANG_WARN_OBJC_LITERAL_CONVERSION = YES;
				CLANG_WARN_OBJC_ROOT_CLASS = YES_ERROR;
				CLANG_WARN_QUOTED_INCLUDE_IN_FRAMEWORK_HEADER = YES;
				CLANG_WARN_RANGE_LOOP_ANALYSIS = YES;
				CLANG_WARN_STRICT_PROTOTYPES = YES;
				CLANG_WARN_SUSPICIOUS_MOVE = YES;
				CLANG_WARN_UNGUARDED_AVAILABILITY = YES_AGGRESSIVE;
				CLANG_WARN_UNREACHABLE_CODE = YES;
				CLANG_WARN__DUPLICATE_METHOD_MATCH = YES;
				COPY_PHASE_STRIP = NO;
				DEBUG_INFORMATION_FORMAT = dwarf;
				ENABLE_STRICT_OBJC_MSGSEND = YES;
				ENABLE_TESTABILITY = YES;
				GCC_C_LANGUAGE_STANDARD = gnu11;
				GCC_DYNAMIC_NO_PIC = NO;
				GCC_NO_COMMON_BLOCKS = YES;
				GCC_OPTIMIZATION_LEVEL = 0;
				GCC_PREPROCESSOR_DEFINITIONS = (
					"DEBUG=1",
					"$(inherited)",
				);
				GCC_WARN_64_TO_32_BIT_CONVERSION = YES;
				GCC_WARN_ABOUT_RETURN_TYPE = YES_ERROR;
				GCC_WARN_UNDECLARED_SELECTOR = YES;
				GCC_WARN_UNINITIALIZED_AUTOS = YES_AGGRESSIVE;
				GCC_WARN_UNUSED_FUNCTION = YES;
				GCC_WARN_UNUSED_VARIABLE = YES;
				IPHONEOS_DEPLOYMENT_TARGET = 16.2;
				MTL_ENABLE_DEBUG_INFO = INCLUDE_SOURCE;
				MTL_FAST_MATH = YES;
				ONLY_ACTIVE_ARCH = YES;
				SDKROOT = iphoneos;
				SWIFT_ACTIVE_COMPILATION_CONDITIONS = DEBUG;
				SWIFT_OPTIMIZATION_LEVEL = "-Onone";
			};
			name = Debug;
		};
		58573C2029D5790A00F5A103 /* Release */ = {
			isa = XCBuildConfiguration;
			buildSettings = {
				ALWAYS_SEARCH_USER_PATHS = NO;
				CLANG_ANALYZER_NONNULL = YES;
				CLANG_ANALYZER_NUMBER_OBJECT_CONVERSION = YES_AGGRESSIVE;
				CLANG_CXX_LANGUAGE_STANDARD = "gnu++20";
				CLANG_ENABLE_MODULES = YES;
				CLANG_ENABLE_OBJC_ARC = YES;
				CLANG_ENABLE_OBJC_WEAK = YES;
				CLANG_WARN_BLOCK_CAPTURE_AUTORELEASING = YES;
				CLANG_WARN_BOOL_CONVERSION = YES;
				CLANG_WARN_COMMA = YES;
				CLANG_WARN_CONSTANT_CONVERSION = YES;
				CLANG_WARN_DEPRECATED_OBJC_IMPLEMENTATIONS = YES;
				CLANG_WARN_DIRECT_OBJC_ISA_USAGE = YES_ERROR;
				CLANG_WARN_DOCUMENTATION_COMMENTS = YES;
				CLANG_WARN_EMPTY_BODY = YES;
				CLANG_WARN_ENUM_CONVERSION = YES;
				CLANG_WARN_INFINITE_RECURSION = YES;
				CLANG_WARN_INT_CONVERSION = YES;
				CLANG_WARN_NON_LITERAL_NULL_CONVERSION = YES;
				CLANG_WARN_OBJC_IMPLICIT_RETAIN_SELF = YES;
				CLANG_WARN_OBJC_LITERAL_CONVERSION = YES;
				CLANG_WARN_OBJC_ROOT_CLASS = YES_ERROR;
				CLANG_WARN_QUOTED_INCLUDE_IN_FRAMEWORK_HEADER = YES;
				CLANG_WARN_RANGE_LOOP_ANALYSIS = YES;
				CLANG_WARN_STRICT_PROTOTYPES = YES;
				CLANG_WARN_SUSPICIOUS_MOVE = YES;
				CLANG_WARN_UNGUARDED_AVAILABILITY = YES_AGGRESSIVE;
				CLANG_WARN_UNREACHABLE_CODE = YES;
				CLANG_WARN__DUPLICATE_METHOD_MATCH = YES;
				COPY_PHASE_STRIP = NO;
				DEBUG_INFORMATION_FORMAT = "dwarf-with-dsym";
				ENABLE_NS_ASSERTIONS = NO;
				ENABLE_STRICT_OBJC_MSGSEND = YES;
				GCC_C_LANGUAGE_STANDARD = gnu11;
				GCC_NO_COMMON_BLOCKS = YES;
				GCC_WARN_64_TO_32_BIT_CONVERSION = YES;
				GCC_WARN_ABOUT_RETURN_TYPE = YES_ERROR;
				GCC_WARN_UNDECLARED_SELECTOR = YES;
				GCC_WARN_UNINITIALIZED_AUTOS = YES_AGGRESSIVE;
				GCC_WARN_UNUSED_FUNCTION = YES;
				GCC_WARN_UNUSED_VARIABLE = YES;
				IPHONEOS_DEPLOYMENT_TARGET = 16.2;
				MTL_ENABLE_DEBUG_INFO = NO;
				MTL_FAST_MATH = YES;
				SDKROOT = iphoneos;
				SWIFT_COMPILATION_MODE = wholemodule;
				SWIFT_OPTIMIZATION_LEVEL = "-O";
				VALIDATE_PRODUCT = YES;
			};
			name = Release;
		};
		58573C2229D5790A00F5A103 /* Debug */ = {
			isa = XCBuildConfiguration;
			buildSettings = {
				ASSETCATALOG_COMPILER_APPICON_NAME = AppIcon;
				ASSETCATALOG_COMPILER_GLOBAL_ACCENT_COLOR_NAME = AccentColor;
				CODE_SIGN_IDENTITY = "Apple Development";
				CODE_SIGN_STYLE = Manual;
				CURRENT_PROJECT_VERSION = 1;
				DEVELOPMENT_ASSET_PATHS = "\"landmarks/Preview Content\"";
				DEVELOPMENT_TEAM = "";
				ENABLE_PREVIEWS = YES;
				GENERATE_INFOPLIST_FILE = YES;
				INFOPLIST_KEY_UIApplicationSceneManifest_Generation = YES;
				INFOPLIST_KEY_UIApplicationSupportsIndirectInputEvents = YES;
				INFOPLIST_KEY_UILaunchScreen_Generation = YES;
				INFOPLIST_KEY_UISupportedInterfaceOrientations_iPad = "UIInterfaceOrientationPortrait UIInterfaceOrientationPortraitUpsideDown UIInterfaceOrientationLandscapeLeft UIInterfaceOrientationLandscapeRight";
				INFOPLIST_KEY_UISupportedInterfaceOrientations_iPhone = "UIInterfaceOrientationPortrait UIInterfaceOrientationLandscapeLeft UIInterfaceOrientationLandscapeRight";
				LD_RUNPATH_SEARCH_PATHS = (
					"$(inherited)",
					"@executable_path/Frameworks",
				);
				MARKETING_VERSION = 1.0;
				PRODUCT_BUNDLE_IDENTIFIER = com.aqi.landmarks;
				PRODUCT_NAME = "$(TARGET_NAME)";
				PROVISIONING_PROFILE_SPECIFIER = "";
				SWIFT_EMIT_LOC_STRINGS = YES;
				SWIFT_VERSION = 5.0;
				TARGETED_DEVICE_FAMILY = "1,2";
			};
			name = Debug;
		};
		58573C2329D5790A00F5A103 /* Release */ = {
			isa = XCBuildConfiguration;
			buildSettings = {
				ASSETCATALOG_COMPILER_APPICON_NAME = AppIcon;
				ASSETCATALOG_COMPILER_GLOBAL_ACCENT_COLOR_NAME = AccentColor;
				CODE_SIGN_IDENTITY = "Apple Development";
				CODE_SIGN_STYLE = Manual;
				CURRENT_PROJECT_VERSION = 1;
				DEVELOPMENT_ASSET_PATHS = "\"landmarks/Preview Content\"";
				DEVELOPMENT_TEAM = "";
				ENABLE_PREVIEWS = YES;
				GENERATE_INFOPLIST_FILE = YES;
				INFOPLIST_KEY_UIApplicationSceneManifest_Generation = YES;
				INFOPLIST_KEY_UIApplicationSupportsIndirectInputEvents = YES;
				INFOPLIST_KEY_UILaunchScreen_Generation = YES;
				INFOPLIST_KEY_UISupportedInterfaceOrientations_iPad = "UIInterfaceOrientationPortrait UIInterfaceOrientationPortraitUpsideDown UIInterfaceOrientationLandscapeLeft UIInterfaceOrientationLandscapeRight";
				INFOPLIST_KEY_UISupportedInterfaceOrientations_iPhone = "UIInterfaceOrientationPortrait UIInterfaceOrientationLandscapeLeft UIInterfaceOrientationLandscapeRight";
				LD_RUNPATH_SEARCH_PATHS = (
					"$(inherited)",
					"@executable_path/Frameworks",
				);
				MARKETING_VERSION = 1.0;
				PRODUCT_BUNDLE_IDENTIFIER = com.aqi.landmarks;
				PRODUCT_NAME = "$(TARGET_NAME)";
				PROVISIONING_PROFILE_SPECIFIER = "";
				SWIFT_EMIT_LOC_STRINGS = YES;
				SWIFT_VERSION = 5.0;
				TARGETED_DEVICE_FAMILY = "1,2";
			};
			name = Release;
		};
		58573C2529D5790A00F5A103 /* Debug */ = {
			isa = XCBuildConfiguration;
			buildSettings = {
				ALWAYS_EMBED_SWIFT_STANDARD_LIBRARIES = YES;
				BUNDLE_LOADER = "$(TEST_HOST)";
				CODE_SIGN_STYLE = Automatic;
				CURRENT_PROJECT_VERSION = 1;
				GENERATE_INFOPLIST_FILE = YES;
				IPHONEOS_DEPLOYMENT_TARGET = 16.2;
				MARKETING_VERSION = 1.0;
				PRODUCT_BUNDLE_IDENTIFIER = com.aqi.landmarksTests;
				PRODUCT_NAME = "$(TARGET_NAME)";
				SWIFT_EMIT_LOC_STRINGS = NO;
				SWIFT_VERSION = 5.0;
				TARGETED_DEVICE_FAMILY = "1,2";
				TEST_HOST = "$(BUILT_PRODUCTS_DIR)/landmarks.app/$(BUNDLE_EXECUTABLE_FOLDER_PATH)/landmarks";
			};
			name = Debug;
		};
		58573C2629D5790A00F5A103 /* Release */ = {
			isa = XCBuildConfiguration;
			buildSettings = {
				ALWAYS_EMBED_SWIFT_STANDARD_LIBRARIES = YES;
				BUNDLE_LOADER = "$(TEST_HOST)";
				CODE_SIGN_STYLE = Automatic;
				CURRENT_PROJECT_VERSION = 1;
				GENERATE_INFOPLIST_FILE = YES;
				IPHONEOS_DEPLOYMENT_TARGET = 16.2;
				MARKETING_VERSION = 1.0;
				PRODUCT_BUNDLE_IDENTIFIER = com.aqi.landmarksTests;
				PRODUCT_NAME = "$(TARGET_NAME)";
				SWIFT_EMIT_LOC_STRINGS = NO;
				SWIFT_VERSION = 5.0;
				TARGETED_DEVICE_FAMILY = "1,2";
				TEST_HOST = "$(BUILT_PRODUCTS_DIR)/landmarks.app/$(BUNDLE_EXECUTABLE_FOLDER_PATH)/landmarks";
			};
			name = Release;
		};
		58573C2829D5790A00F5A103 /* Debug */ = {
			isa = XCBuildConfiguration;
			buildSettings = {
				ALWAYS_EMBED_SWIFT_STANDARD_LIBRARIES = YES;
				CODE_SIGN_STYLE = Automatic;
				CURRENT_PROJECT_VERSION = 1;
				GENERATE_INFOPLIST_FILE = YES;
				MARKETING_VERSION = 1.0;
				PRODUCT_BUNDLE_IDENTIFIER = com.aqi.landmarksUITests;
				PRODUCT_NAME = "$(TARGET_NAME)";
				SWIFT_EMIT_LOC_STRINGS = NO;
				SWIFT_VERSION = 5.0;
				TARGETED_DEVICE_FAMILY = "1,2";
				TEST_TARGET_NAME = landmarks;
			};
			name = Debug;
		};
		58573C2929D5790A00F5A103 /* Release */ = {
			isa = XCBuildConfiguration;
			buildSettings = {
				ALWAYS_EMBED_SWIFT_STANDARD_LIBRARIES = YES;
				CODE_SIGN_STYLE = Automatic;
				CURRENT_PROJECT_VERSION = 1;
				GENERATE_INFOPLIST_FILE = YES;
				MARKETING_VERSION = 1.0;
				PRODUCT_BUNDLE_IDENTIFIER = com.aqi.landmarksUITests;
				PRODUCT_NAME = "$(TARGET_NAME)";
				SWIFT_EMIT_LOC_STRINGS = NO;
				SWIFT_VERSION = 5.0;
				TARGETED_DEVICE_FAMILY = "1,2";
				TEST_TARGET_NAME = landmarks;
			};
			name = Release;
		};
/* End XCBuildConfiguration section */

/* Begin XCConfigurationList section */
		581FFD9C29D82B1500C81646 /* Build configuration list for PBXNativeTarget "WatchLandmarks Watch App" */ = {
			isa = XCConfigurationList;
			buildConfigurations = (
				581FFD9629D82B1500C81646 /* Debug */,
				581FFD9729D82B1500C81646 /* Release */,
			);
			defaultConfigurationIsVisible = 0;
			defaultConfigurationName = Release;
		};
		581FFD9D29D82B1500C81646 /* Build configuration list for PBXNativeTarget "WatchLandmarks" */ = {
			isa = XCConfigurationList;
			buildConfigurations = (
				581FFD9329D82B1500C81646 /* Debug */,
				581FFD9429D82B1500C81646 /* Release */,
			);
			defaultConfigurationIsVisible = 0;
			defaultConfigurationName = Release;
		};
		581FFD9E29D82B1500C81646 /* Build configuration list for PBXNativeTarget "WatchLandmarks Watch AppTests" */ = {
			isa = XCConfigurationList;
			buildConfigurations = (
				581FFD9829D82B1500C81646 /* Debug */,
				581FFD9929D82B1500C81646 /* Release */,
			);
			defaultConfigurationIsVisible = 0;
			defaultConfigurationName = Release;
		};
		581FFD9F29D82B1500C81646 /* Build configuration list for PBXNativeTarget "WatchLandmarks Watch AppUITests" */ = {
			isa = XCConfigurationList;
			buildConfigurations = (
				581FFD9A29D82B1500C81646 /* Debug */,
				581FFD9B29D82B1500C81646 /* Release */,
			);
			defaultConfigurationIsVisible = 0;
			defaultConfigurationName = Release;
		};
		581FFDDF29D8321700C81646 /* Build configuration list for PBXNativeTarget "MacLandmarks" */ = {
			isa = XCConfigurationList;
			buildConfigurations = (
				581FFDE029D8321700C81646 /* Debug */,
				581FFDE129D8321700C81646 /* Release */,
			);
			defaultConfigurationIsVisible = 0;
			defaultConfigurationName = Release;
		};
		581FFDE229D8321700C81646 /* Build configuration list for PBXNativeTarget "MacLandmarksTests" */ = {
			isa = XCConfigurationList;
			buildConfigurations = (
				581FFDE329D8321700C81646 /* Debug */,
				581FFDE429D8321700C81646 /* Release */,
			);
			defaultConfigurationIsVisible = 0;
			defaultConfigurationName = Release;
		};
		581FFDE529D8321700C81646 /* Build configuration list for PBXNativeTarget "MacLandmarksUITests" */ = {
			isa = XCConfigurationList;
			buildConfigurations = (
				581FFDE629D8321700C81646 /* Debug */,
				581FFDE729D8321700C81646 /* Release */,
			);
			defaultConfigurationIsVisible = 0;
			defaultConfigurationName = Release;
		};
		58573BF229D5790900F5A103 /* Build configuration list for PBXProject "landmarks" */ = {
			isa = XCConfigurationList;
			buildConfigurations = (
				58573C1F29D5790A00F5A103 /* Debug */,
				58573C2029D5790A00F5A103 /* Release */,
			);
			defaultConfigurationIsVisible = 0;
			defaultConfigurationName = Release;
		};
		58573C2129D5790A00F5A103 /* Build configuration list for PBXNativeTarget "landmarks" */ = {
			isa = XCConfigurationList;
			buildConfigurations = (
				58573C2229D5790A00F5A103 /* Debug */,
				58573C2329D5790A00F5A103 /* Release */,
			);
			defaultConfigurationIsVisible = 0;
			defaultConfigurationName = Release;
		};
		58573C2429D5790A00F5A103 /* Build configuration list for PBXNativeTarget "landmarksTests" */ = {
			isa = XCConfigurationList;
			buildConfigurations = (
				58573C2529D5790A00F5A103 /* Debug */,
				58573C2629D5790A00F5A103 /* Release */,
			);
			defaultConfigurationIsVisible = 0;
			defaultConfigurationName = Release;
		};
		58573C2729D5790A00F5A103 /* Build configuration list for PBXNativeTarget "landmarksUITests" */ = {
			isa = XCConfigurationList;
			buildConfigurations = (
				58573C2829D5790A00F5A103 /* Debug */,
				58573C2929D5790A00F5A103 /* Release */,
			);
			defaultConfigurationIsVisible = 0;
			defaultConfigurationName = Release;
		};
/* End XCConfigurationList section */
	};
	rootObject = 58573BEF29D5790900F5A103 /* Project object */;
}
